// !$*UTF8*$!
{
	archiveVersion = 1;
	classes = {
	};
	objectVersion = 56;
	objects = {

/* Begin PBXBuildFile section */
		D925C26D2ACDF18200075D5D /* UIColor.swift in Sources */ = {isa = PBXBuildFile; fileRef = D925C26C2ACDF18200075D5D /* UIColor.swift */; };
		D925C27C2ACF0C3200075D5D /* UIImage.swift in Sources */ = {isa = PBXBuildFile; fileRef = D925C27B2ACF0C3200075D5D /* UIImage.swift */; };
		D925C2892ACF2B8500075D5D /* String.swift in Sources */ = {isa = PBXBuildFile; fileRef = D925C2882ACF2B8500075D5D /* String.swift */; };
		D965EEA42ADD1E0200426096 /* TabBarItem.swift in Sources */ = {isa = PBXBuildFile; fileRef = D965EE872ADD1E0200426096 /* TabBarItem.swift */; };
		D965EEA52ADD1E0200426096 /* TabBarController.swift in Sources */ = {isa = PBXBuildFile; fileRef = D965EE882ADD1E0200426096 /* TabBarController.swift */; };
		D965EEA62ADD1E0200426096 /* TemperatureBar.swift in Sources */ = {isa = PBXBuildFile; fileRef = D965EE8D2ADD1E0200426096 /* TemperatureBar.swift */; };
		D965EEA72ADD1E0200426096 /* AdviceView.swift in Sources */ = {isa = PBXBuildFile; fileRef = D965EE8E2ADD1E0200426096 /* AdviceView.swift */; };
		D965EEA82ADD1E0200426096 /* MainTextCell.swift in Sources */ = {isa = PBXBuildFile; fileRef = D965EE8F2ADD1E0200426096 /* MainTextCell.swift */; };
		D965EEA92ADD1E0200426096 /* CharacterCell.swift in Sources */ = {isa = PBXBuildFile; fileRef = D965EE902ADD1E0200426096 /* CharacterCell.swift */; };
		D965EEAA2ADD1E0200426096 /* HomeView.swift in Sources */ = {isa = PBXBuildFile; fileRef = D965EE912ADD1E0200426096 /* HomeView.swift */; };
		D965EEAB2ADD1E0200426096 /* AdvicePositionView.swift in Sources */ = {isa = PBXBuildFile; fileRef = D965EE922ADD1E0200426096 /* AdvicePositionView.swift */; };
		D965EEAC2ADD1E0200426096 /* ComfortIndexCell.swift in Sources */ = {isa = PBXBuildFile; fileRef = D965EE932ADD1E0200426096 /* ComfortIndexCell.swift */; };
		D965EEAD2ADD1E0200426096 /* TemperatureColorView.swift in Sources */ = {isa = PBXBuildFile; fileRef = D965EE942ADD1E0200426096 /* TemperatureColorView.swift */; };
		D965EEAE2ADD1E0200426096 /* HomeHeaderView.swift in Sources */ = {isa = PBXBuildFile; fileRef = D965EE952ADD1E0200426096 /* HomeHeaderView.swift */; };
		D965EEAF2ADD1E0200426096 /* BriefingCell.swift in Sources */ = {isa = PBXBuildFile; fileRef = D965EE962ADD1E0200426096 /* BriefingCell.swift */; };
		D965EEB02ADD1E0200426096 /* TriangleView.swift in Sources */ = {isa = PBXBuildFile; fileRef = D965EE972ADD1E0200426096 /* TriangleView.swift */; };
		D965EEB12ADD1E0200426096 /* HomeViewController.swift in Sources */ = {isa = PBXBuildFile; fileRef = D965EE992ADD1E0200426096 /* HomeViewController.swift */; };
		D965EEB22ADD1E0200426096 /* SettingHeader.swift in Sources */ = {isa = PBXBuildFile; fileRef = D965EE9C2ADD1E0200426096 /* SettingHeader.swift */; };
		D965EEB32ADD1E0200426096 /* OptionCollectionView.swift in Sources */ = {isa = PBXBuildFile; fileRef = D965EE9D2ADD1E0200426096 /* OptionCollectionView.swift */; };
		D965EEB42ADD1E0200426096 /* SettingSegmentedControl.swift in Sources */ = {isa = PBXBuildFile; fileRef = D965EE9E2ADD1E0200426096 /* SettingSegmentedControl.swift */; };
		D965EEB52ADD1E0200426096 /* UserLocationCell.swift in Sources */ = {isa = PBXBuildFile; fileRef = D965EE9F2ADD1E0200426096 /* UserLocationCell.swift */; };
		D965EEB62ADD1E0200426096 /* OutingTimeCell.swift in Sources */ = {isa = PBXBuildFile; fileRef = D965EEA02ADD1E0200426096 /* OutingTimeCell.swift */; };
		D965EEB72ADD1E0200426096 /* SettingView.swift in Sources */ = {isa = PBXBuildFile; fileRef = D965EEA12ADD1E0200426096 /* SettingView.swift */; };
		D965EEB82ADD1E0200426096 /* SettingViewController.swift in Sources */ = {isa = PBXBuildFile; fileRef = D965EEA32ADD1E0200426096 /* SettingViewController.swift */; };
		D965EECA2ADD1E0F00426096 /* UserLocation.swift in Sources */ = {isa = PBXBuildFile; fileRef = D965EEBD2ADD1E0F00426096 /* UserLocation.swift */; };
		D965EECB2ADD1E0F00426096 /* WeatherCondition.swift in Sources */ = {isa = PBXBuildFile; fileRef = D965EEBE2ADD1E0F00426096 /* WeatherCondition.swift */; };
		D965EECC2ADD1E0F00426096 /* ComfortIndexData.swift in Sources */ = {isa = PBXBuildFile; fileRef = D965EEBF2ADD1E0F00426096 /* ComfortIndexData.swift */; };
		D965EECD2ADD1E0F00426096 /* Advice.swift in Sources */ = {isa = PBXBuildFile; fileRef = D965EEC02ADD1E0F00426096 /* Advice.swift */; };
		D965EECE2ADD1E0F00426096 /* Weather.swift in Sources */ = {isa = PBXBuildFile; fileRef = D965EEC12ADD1E0F00426096 /* Weather.swift */; };
		D965EECF2ADD1E0F00426096 /* BriefingData.swift in Sources */ = {isa = PBXBuildFile; fileRef = D965EEC22ADD1E0F00426096 /* BriefingData.swift */; };
		D965EED02ADD1E0F00426096 /* UserLocationService.swift in Sources */ = {isa = PBXBuildFile; fileRef = D965EEC42ADD1E0F00426096 /* UserLocationService.swift */; };
		D965EED12ADD1E0F00426096 /* WeatherService.swift in Sources */ = {isa = PBXBuildFile; fileRef = D965EEC52ADD1E0F00426096 /* WeatherService.swift */; };
		D965EED22ADD1E0F00426096 /* ServiceProvider.swift in Sources */ = {isa = PBXBuildFile; fileRef = D965EEC62ADD1E0F00426096 /* ServiceProvider.swift */; };
		D965EED32ADD1E0F00426096 /* OutingTimeService.swift in Sources */ = {isa = PBXBuildFile; fileRef = D965EEC72ADD1E0F00426096 /* OutingTimeService.swift */; };
		D965EED42ADD1E0F00426096 /* DegreeOptionService.swift in Sources */ = {isa = PBXBuildFile; fileRef = D965EEC82ADD1E0F00426096 /* DegreeOptionService.swift */; };
		D965EED52ADD1E0F00426096 /* AutoOptionService.swift in Sources */ = {isa = PBXBuildFile; fileRef = D965EEC92ADD1E0F00426096 /* AutoOptionService.swift */; };
		D9FA08762AB5A63B005EC223 /* AppDelegate.swift in Sources */ = {isa = PBXBuildFile; fileRef = D9FA08752AB5A63B005EC223 /* AppDelegate.swift */; };
		D9FA08782AB5A63B005EC223 /* SceneDelegate.swift in Sources */ = {isa = PBXBuildFile; fileRef = D9FA08772AB5A63B005EC223 /* SceneDelegate.swift */; };
		D9FA087A2AB5A63B005EC223 /* ViewController.swift in Sources */ = {isa = PBXBuildFile; fileRef = D9FA08792AB5A63B005EC223 /* ViewController.swift */; };
		D9FA087F2AB5A63D005EC223 /* Assets.xcassets in Resources */ = {isa = PBXBuildFile; fileRef = D9FA087E2AB5A63D005EC223 /* Assets.xcassets */; };
		D9FA08822AB5A63D005EC223 /* LaunchScreen.storyboard in Resources */ = {isa = PBXBuildFile; fileRef = D9FA08802AB5A63D005EC223 /* LaunchScreen.storyboard */; };
		D9FA088D2AB5A63D005EC223 /* WeatherWearTests.swift in Sources */ = {isa = PBXBuildFile; fileRef = D9FA088C2AB5A63D005EC223 /* WeatherWearTests.swift */; };
		D9FA08972AB5A63D005EC223 /* WeatherWearUITests.swift in Sources */ = {isa = PBXBuildFile; fileRef = D9FA08962AB5A63D005EC223 /* WeatherWearUITests.swift */; };
		D9FA08992AB5A63D005EC223 /* WeatherWearUITestsLaunchTests.swift in Sources */ = {isa = PBXBuildFile; fileRef = D9FA08982AB5A63D005EC223 /* WeatherWearUITestsLaunchTests.swift */; };
		D9FA08A72AB5A6CD005EC223 /* RxCocoa in Frameworks */ = {isa = PBXBuildFile; productRef = D9FA08A62AB5A6CD005EC223 /* RxCocoa */; };
		D9FA08A92AB5A6CD005EC223 /* RxRelay in Frameworks */ = {isa = PBXBuildFile; productRef = D9FA08A82AB5A6CD005EC223 /* RxRelay */; };
		D9FA08AB2AB5A6CD005EC223 /* RxSwift in Frameworks */ = {isa = PBXBuildFile; productRef = D9FA08AA2AB5A6CD005EC223 /* RxSwift */; };
		D9FA08AE2AB5A6E4005EC223 /* SnapKit in Frameworks */ = {isa = PBXBuildFile; productRef = D9FA08AD2AB5A6E4005EC223 /* SnapKit */; };
		D9FA08B12AB5A6F6005EC223 /* ReactorKit in Frameworks */ = {isa = PBXBuildFile; productRef = D9FA08B02AB5A6F6005EC223 /* ReactorKit */; };
		D9FA08BD2AB5B96A005EC223 /* BaseViewController.swift in Sources */ = {isa = PBXBuildFile; fileRef = D9FA08BC2AB5B96A005EC223 /* BaseViewController.swift */; };
		D9FA08D22ABCF7FC005EC223 /* Then in Frameworks */ = {isa = PBXBuildFile; productRef = D9FA08D12ABCF7FC005EC223 /* Then */; };
/* End PBXBuildFile section */

/* Begin PBXContainerItemProxy section */
		D9FA08892AB5A63D005EC223 /* PBXContainerItemProxy */ = {
			isa = PBXContainerItemProxy;
			containerPortal = D9FA086A2AB5A63B005EC223 /* Project object */;
			proxyType = 1;
			remoteGlobalIDString = D9FA08712AB5A63B005EC223;
			remoteInfo = WeatherWear;
		};
		D9FA08932AB5A63D005EC223 /* PBXContainerItemProxy */ = {
			isa = PBXContainerItemProxy;
			containerPortal = D9FA086A2AB5A63B005EC223 /* Project object */;
			proxyType = 1;
			remoteGlobalIDString = D9FA08712AB5A63B005EC223;
			remoteInfo = WeatherWear;
		};
/* End PBXContainerItemProxy section */

/* Begin PBXFileReference section */
		D925C26C2ACDF18200075D5D /* UIColor.swift */ = {isa = PBXFileReference; lastKnownFileType = sourcecode.swift; path = UIColor.swift; sourceTree = "<group>"; };
		D925C27B2ACF0C3200075D5D /* UIImage.swift */ = {isa = PBXFileReference; lastKnownFileType = sourcecode.swift; path = UIImage.swift; sourceTree = "<group>"; };
		D925C2882ACF2B8500075D5D /* String.swift */ = {isa = PBXFileReference; lastKnownFileType = sourcecode.swift; path = String.swift; sourceTree = "<group>"; };
		D965EE872ADD1E0200426096 /* TabBarItem.swift */ = {isa = PBXFileReference; fileEncoding = 4; lastKnownFileType = sourcecode.swift; path = TabBarItem.swift; sourceTree = "<group>"; };
		D965EE882ADD1E0200426096 /* TabBarController.swift */ = {isa = PBXFileReference; fileEncoding = 4; lastKnownFileType = sourcecode.swift; path = TabBarController.swift; sourceTree = "<group>"; };
		D965EE8D2ADD1E0200426096 /* TemperatureBar.swift */ = {isa = PBXFileReference; fileEncoding = 4; lastKnownFileType = sourcecode.swift; path = TemperatureBar.swift; sourceTree = "<group>"; };
		D965EE8E2ADD1E0200426096 /* AdviceView.swift */ = {isa = PBXFileReference; fileEncoding = 4; lastKnownFileType = sourcecode.swift; path = AdviceView.swift; sourceTree = "<group>"; };
		D965EE8F2ADD1E0200426096 /* MainTextCell.swift */ = {isa = PBXFileReference; fileEncoding = 4; lastKnownFileType = sourcecode.swift; path = MainTextCell.swift; sourceTree = "<group>"; };
		D965EE902ADD1E0200426096 /* CharacterCell.swift */ = {isa = PBXFileReference; fileEncoding = 4; lastKnownFileType = sourcecode.swift; path = CharacterCell.swift; sourceTree = "<group>"; };
		D965EE912ADD1E0200426096 /* HomeView.swift */ = {isa = PBXFileReference; fileEncoding = 4; lastKnownFileType = sourcecode.swift; path = HomeView.swift; sourceTree = "<group>"; };
		D965EE922ADD1E0200426096 /* AdvicePositionView.swift */ = {isa = PBXFileReference; fileEncoding = 4; lastKnownFileType = sourcecode.swift; path = AdvicePositionView.swift; sourceTree = "<group>"; };
		D965EE932ADD1E0200426096 /* ComfortIndexCell.swift */ = {isa = PBXFileReference; fileEncoding = 4; lastKnownFileType = sourcecode.swift; path = ComfortIndexCell.swift; sourceTree = "<group>"; };
		D965EE942ADD1E0200426096 /* TemperatureColorView.swift */ = {isa = PBXFileReference; fileEncoding = 4; lastKnownFileType = sourcecode.swift; path = TemperatureColorView.swift; sourceTree = "<group>"; };
		D965EE952ADD1E0200426096 /* HomeHeaderView.swift */ = {isa = PBXFileReference; fileEncoding = 4; lastKnownFileType = sourcecode.swift; path = HomeHeaderView.swift; sourceTree = "<group>"; };
		D965EE962ADD1E0200426096 /* BriefingCell.swift */ = {isa = PBXFileReference; fileEncoding = 4; lastKnownFileType = sourcecode.swift; path = BriefingCell.swift; sourceTree = "<group>"; };
		D965EE972ADD1E0200426096 /* TriangleView.swift */ = {isa = PBXFileReference; fileEncoding = 4; lastKnownFileType = sourcecode.swift; path = TriangleView.swift; sourceTree = "<group>"; };
		D965EE992ADD1E0200426096 /* HomeViewController.swift */ = {isa = PBXFileReference; fileEncoding = 4; lastKnownFileType = sourcecode.swift; path = HomeViewController.swift; sourceTree = "<group>"; };
		D965EE9C2ADD1E0200426096 /* SettingHeader.swift */ = {isa = PBXFileReference; fileEncoding = 4; lastKnownFileType = sourcecode.swift; path = SettingHeader.swift; sourceTree = "<group>"; };
		D965EE9D2ADD1E0200426096 /* OptionCollectionView.swift */ = {isa = PBXFileReference; fileEncoding = 4; lastKnownFileType = sourcecode.swift; path = OptionCollectionView.swift; sourceTree = "<group>"; };
		D965EE9E2ADD1E0200426096 /* SettingSegmentedControl.swift */ = {isa = PBXFileReference; fileEncoding = 4; lastKnownFileType = sourcecode.swift; path = SettingSegmentedControl.swift; sourceTree = "<group>"; };
		D965EE9F2ADD1E0200426096 /* UserLocationCell.swift */ = {isa = PBXFileReference; fileEncoding = 4; lastKnownFileType = sourcecode.swift; path = UserLocationCell.swift; sourceTree = "<group>"; };
		D965EEA02ADD1E0200426096 /* OutingTimeCell.swift */ = {isa = PBXFileReference; fileEncoding = 4; lastKnownFileType = sourcecode.swift; path = OutingTimeCell.swift; sourceTree = "<group>"; };
		D965EEA12ADD1E0200426096 /* SettingView.swift */ = {isa = PBXFileReference; fileEncoding = 4; lastKnownFileType = sourcecode.swift; path = SettingView.swift; sourceTree = "<group>"; };
		D965EEA32ADD1E0200426096 /* SettingViewController.swift */ = {isa = PBXFileReference; fileEncoding = 4; lastKnownFileType = sourcecode.swift; path = SettingViewController.swift; sourceTree = "<group>"; };
		D965EEBD2ADD1E0F00426096 /* UserLocation.swift */ = {isa = PBXFileReference; fileEncoding = 4; lastKnownFileType = sourcecode.swift; path = UserLocation.swift; sourceTree = "<group>"; };
		D965EEBE2ADD1E0F00426096 /* WeatherCondition.swift */ = {isa = PBXFileReference; fileEncoding = 4; lastKnownFileType = sourcecode.swift; path = WeatherCondition.swift; sourceTree = "<group>"; };
		D965EEBF2ADD1E0F00426096 /* ComfortIndexData.swift */ = {isa = PBXFileReference; fileEncoding = 4; lastKnownFileType = sourcecode.swift; path = ComfortIndexData.swift; sourceTree = "<group>"; };
		D965EEC02ADD1E0F00426096 /* Advice.swift */ = {isa = PBXFileReference; fileEncoding = 4; lastKnownFileType = sourcecode.swift; path = Advice.swift; sourceTree = "<group>"; };
		D965EEC12ADD1E0F00426096 /* Weather.swift */ = {isa = PBXFileReference; fileEncoding = 4; lastKnownFileType = sourcecode.swift; path = Weather.swift; sourceTree = "<group>"; };
		D965EEC22ADD1E0F00426096 /* BriefingData.swift */ = {isa = PBXFileReference; fileEncoding = 4; lastKnownFileType = sourcecode.swift; path = BriefingData.swift; sourceTree = "<group>"; };
		D965EEC42ADD1E0F00426096 /* UserLocationService.swift */ = {isa = PBXFileReference; fileEncoding = 4; lastKnownFileType = sourcecode.swift; path = UserLocationService.swift; sourceTree = "<group>"; };
		D965EEC52ADD1E0F00426096 /* WeatherService.swift */ = {isa = PBXFileReference; fileEncoding = 4; lastKnownFileType = sourcecode.swift; path = WeatherService.swift; sourceTree = "<group>"; };
		D965EEC62ADD1E0F00426096 /* ServiceProvider.swift */ = {isa = PBXFileReference; fileEncoding = 4; lastKnownFileType = sourcecode.swift; path = ServiceProvider.swift; sourceTree = "<group>"; };
		D965EEC72ADD1E0F00426096 /* OutingTimeService.swift */ = {isa = PBXFileReference; fileEncoding = 4; lastKnownFileType = sourcecode.swift; path = OutingTimeService.swift; sourceTree = "<group>"; };
		D965EEC82ADD1E0F00426096 /* DegreeOptionService.swift */ = {isa = PBXFileReference; fileEncoding = 4; lastKnownFileType = sourcecode.swift; path = DegreeOptionService.swift; sourceTree = "<group>"; };
		D965EEC92ADD1E0F00426096 /* AutoOptionService.swift */ = {isa = PBXFileReference; fileEncoding = 4; lastKnownFileType = sourcecode.swift; path = AutoOptionService.swift; sourceTree = "<group>"; };
		D9FA08722AB5A63B005EC223 /* WeatherWear.app */ = {isa = PBXFileReference; explicitFileType = wrapper.application; includeInIndex = 0; path = WeatherWear.app; sourceTree = BUILT_PRODUCTS_DIR; };
		D9FA08752AB5A63B005EC223 /* AppDelegate.swift */ = {isa = PBXFileReference; lastKnownFileType = sourcecode.swift; path = AppDelegate.swift; sourceTree = "<group>"; };
		D9FA08772AB5A63B005EC223 /* SceneDelegate.swift */ = {isa = PBXFileReference; lastKnownFileType = sourcecode.swift; path = SceneDelegate.swift; sourceTree = "<group>"; };
		D9FA08792AB5A63B005EC223 /* ViewController.swift */ = {isa = PBXFileReference; lastKnownFileType = sourcecode.swift; path = ViewController.swift; sourceTree = "<group>"; };
		D9FA087E2AB5A63D005EC223 /* Assets.xcassets */ = {isa = PBXFileReference; lastKnownFileType = folder.assetcatalog; path = Assets.xcassets; sourceTree = "<group>"; };
		D9FA08812AB5A63D005EC223 /* Base */ = {isa = PBXFileReference; lastKnownFileType = file.storyboard; name = Base; path = Base.lproj/LaunchScreen.storyboard; sourceTree = "<group>"; };
		D9FA08832AB5A63D005EC223 /* Info.plist */ = {isa = PBXFileReference; lastKnownFileType = text.plist.xml; path = Info.plist; sourceTree = "<group>"; };
		D9FA08882AB5A63D005EC223 /* WeatherWearTests.xctest */ = {isa = PBXFileReference; explicitFileType = wrapper.cfbundle; includeInIndex = 0; path = WeatherWearTests.xctest; sourceTree = BUILT_PRODUCTS_DIR; };
		D9FA088C2AB5A63D005EC223 /* WeatherWearTests.swift */ = {isa = PBXFileReference; lastKnownFileType = sourcecode.swift; path = WeatherWearTests.swift; sourceTree = "<group>"; };
		D9FA08922AB5A63D005EC223 /* WeatherWearUITests.xctest */ = {isa = PBXFileReference; explicitFileType = wrapper.cfbundle; includeInIndex = 0; path = WeatherWearUITests.xctest; sourceTree = BUILT_PRODUCTS_DIR; };
		D9FA08962AB5A63D005EC223 /* WeatherWearUITests.swift */ = {isa = PBXFileReference; lastKnownFileType = sourcecode.swift; path = WeatherWearUITests.swift; sourceTree = "<group>"; };
		D9FA08982AB5A63D005EC223 /* WeatherWearUITestsLaunchTests.swift */ = {isa = PBXFileReference; lastKnownFileType = sourcecode.swift; path = WeatherWearUITestsLaunchTests.swift; sourceTree = "<group>"; };
		D9FA08BC2AB5B96A005EC223 /* BaseViewController.swift */ = {isa = PBXFileReference; fileEncoding = 4; lastKnownFileType = sourcecode.swift; path = BaseViewController.swift; sourceTree = "<group>"; };
/* End PBXFileReference section */

/* Begin PBXFrameworksBuildPhase section */
		D9FA086F2AB5A63B005EC223 /* Frameworks */ = {
			isa = PBXFrameworksBuildPhase;
			buildActionMask = 2147483647;
			files = (
				D9FA08AB2AB5A6CD005EC223 /* RxSwift in Frameworks */,
				D9FA08D22ABCF7FC005EC223 /* Then in Frameworks */,
				D9FA08AE2AB5A6E4005EC223 /* SnapKit in Frameworks */,
				D9FA08A92AB5A6CD005EC223 /* RxRelay in Frameworks */,
				D9FA08B12AB5A6F6005EC223 /* ReactorKit in Frameworks */,
				D9FA08A72AB5A6CD005EC223 /* RxCocoa in Frameworks */,
			);
			runOnlyForDeploymentPostprocessing = 0;
		};
		D9FA08852AB5A63D005EC223 /* Frameworks */ = {
			isa = PBXFrameworksBuildPhase;
			buildActionMask = 2147483647;
			files = (
			);
			runOnlyForDeploymentPostprocessing = 0;
		};
		D9FA088F2AB5A63D005EC223 /* Frameworks */ = {
			isa = PBXFrameworksBuildPhase;
			buildActionMask = 2147483647;
			files = (
			);
			runOnlyForDeploymentPostprocessing = 0;
		};
/* End PBXFrameworksBuildPhase section */

/* Begin PBXGroup section */
		D925C26B2ACDF17400075D5D /* Util */ = {
			isa = PBXGroup;
			children = (
				D925C26C2ACDF18200075D5D /* UIColor.swift */,
				D925C27B2ACF0C3200075D5D /* UIImage.swift */,
				D925C2882ACF2B8500075D5D /* String.swift */,
			);
			path = Util;
			sourceTree = "<group>";
		};
		D965EE852ADD1E0200426096 /* Presentation */ = {
			isa = PBXGroup;
			children = (
				D965EE862ADD1E0200426096 /* TabBar */,
				D965EE892ADD1E0200426096 /* Component */,
				D965EE8A2ADD1E0200426096 /* Pages */,
			);
			path = Presentation;
			sourceTree = "<group>";
		};
		D965EE862ADD1E0200426096 /* TabBar */ = {
			isa = PBXGroup;
			children = (
				D965EE872ADD1E0200426096 /* TabBarItem.swift */,
				D965EE882ADD1E0200426096 /* TabBarController.swift */,
			);
			path = TabBar;
			sourceTree = "<group>";
		};
		D965EE892ADD1E0200426096 /* Component */ = {
			isa = PBXGroup;
			children = (
			);
			path = Component;
			sourceTree = "<group>";
		};
		D965EE8A2ADD1E0200426096 /* Pages */ = {
			isa = PBXGroup;
			children = (
				D965EE8B2ADD1E0200426096 /* Home */,
				D965EE9A2ADD1E0200426096 /* Setting */,
			);
			path = Pages;
			sourceTree = "<group>";
		};
		D965EE8B2ADD1E0200426096 /* Home */ = {
			isa = PBXGroup;
			children = (
				D965EE8C2ADD1E0200426096 /* View */,
				D965EE982ADD1E0200426096 /* ViewController */,
			);
			path = Home;
			sourceTree = "<group>";
		};
		D965EE8C2ADD1E0200426096 /* View */ = {
			isa = PBXGroup;
			children = (
				D965EE8D2ADD1E0200426096 /* TemperatureBar.swift */,
				D965EE8E2ADD1E0200426096 /* AdviceView.swift */,
				D965EE8F2ADD1E0200426096 /* MainTextCell.swift */,
				D965EE902ADD1E0200426096 /* CharacterCell.swift */,
				D965EE912ADD1E0200426096 /* HomeView.swift */,
				D965EE922ADD1E0200426096 /* AdvicePositionView.swift */,
				D965EE932ADD1E0200426096 /* ComfortIndexCell.swift */,
				D965EE942ADD1E0200426096 /* TemperatureColorView.swift */,
				D965EE952ADD1E0200426096 /* HomeHeaderView.swift */,
				D965EE962ADD1E0200426096 /* BriefingCell.swift */,
				D965EE972ADD1E0200426096 /* TriangleView.swift */,
			);
			path = View;
			sourceTree = "<group>";
		};
		D965EE982ADD1E0200426096 /* ViewController */ = {
			isa = PBXGroup;
			children = (
				D965EE992ADD1E0200426096 /* HomeViewController.swift */,
			);
			path = ViewController;
			sourceTree = "<group>";
		};
		D965EE9A2ADD1E0200426096 /* Setting */ = {
			isa = PBXGroup;
			children = (
				D965EE9B2ADD1E0200426096 /* View */,
				D965EEA22ADD1E0200426096 /* ViewController */,
			);
			path = Setting;
			sourceTree = "<group>";
		};
		D965EE9B2ADD1E0200426096 /* View */ = {
			isa = PBXGroup;
			children = (
				D965EE9C2ADD1E0200426096 /* SettingHeader.swift */,
				D965EE9D2ADD1E0200426096 /* OptionCollectionView.swift */,
				D965EE9E2ADD1E0200426096 /* SettingSegmentedControl.swift */,
				D965EE9F2ADD1E0200426096 /* UserLocationCell.swift */,
				D965EEA02ADD1E0200426096 /* OutingTimeCell.swift */,
				D965EEA12ADD1E0200426096 /* SettingView.swift */,
			);
			path = View;
			sourceTree = "<group>";
		};
		D965EEA22ADD1E0200426096 /* ViewController */ = {
			isa = PBXGroup;
			children = (
				D965EEA32ADD1E0200426096 /* SettingViewController.swift */,
			);
			path = ViewController;
			sourceTree = "<group>";
		};
		D965EEB92ADD1E0900426096 /* DataSource */ = {
			isa = PBXGroup;
			children = (
				D965EEBA2ADD1E0900426096 /* API */,
			);
			path = DataSource;
			sourceTree = "<group>";
		};
		D965EEBA2ADD1E0900426096 /* API */ = {
			isa = PBXGroup;
			children = (
			);
			path = API;
			sourceTree = "<group>";
		};
		D965EEBB2ADD1E0F00426096 /* Domain */ = {
			isa = PBXGroup;
			children = (
				D965EEBC2ADD1E0F00426096 /* Models */,
				D965EEC32ADD1E0F00426096 /* Services */,
			);
			path = Domain;
			sourceTree = "<group>";
		};
		D965EEBC2ADD1E0F00426096 /* Models */ = {
			isa = PBXGroup;
			children = (
				D965EEBD2ADD1E0F00426096 /* UserLocation.swift */,
				D965EEBE2ADD1E0F00426096 /* WeatherCondition.swift */,
				D965EEBF2ADD1E0F00426096 /* ComfortIndexData.swift */,
				D965EEC02ADD1E0F00426096 /* Advice.swift */,
				D965EEC12ADD1E0F00426096 /* Weather.swift */,
				D965EEC22ADD1E0F00426096 /* BriefingData.swift */,
			);
			path = Models;
			sourceTree = "<group>";
		};
		D965EEC32ADD1E0F00426096 /* Services */ = {
			isa = PBXGroup;
			children = (
				D965EEC42ADD1E0F00426096 /* UserLocationService.swift */,
				D965EEC52ADD1E0F00426096 /* WeatherService.swift */,
				D965EEC62ADD1E0F00426096 /* ServiceProvider.swift */,
				D965EEC72ADD1E0F00426096 /* OutingTimeService.swift */,
				D965EEC82ADD1E0F00426096 /* DegreeOptionService.swift */,
				D965EEC92ADD1E0F00426096 /* AutoOptionService.swift */,
			);
			path = Services;
			sourceTree = "<group>";
		};
		D9FA08692AB5A63B005EC223 = {
			isa = PBXGroup;
			children = (
				D9FA08742AB5A63B005EC223 /* WeatherWear */,
				D9FA088B2AB5A63D005EC223 /* WeatherWearTests */,
				D9FA08952AB5A63D005EC223 /* WeatherWearUITests */,
				D9FA08732AB5A63B005EC223 /* Products */,
			);
			sourceTree = "<group>";
		};
		D9FA08732AB5A63B005EC223 /* Products */ = {
			isa = PBXGroup;
			children = (
				D9FA08722AB5A63B005EC223 /* WeatherWear.app */,
				D9FA08882AB5A63D005EC223 /* WeatherWearTests.xctest */,
				D9FA08922AB5A63D005EC223 /* WeatherWearUITests.xctest */,
			);
			name = Products;
			sourceTree = "<group>";
		};
		D9FA08742AB5A63B005EC223 /* WeatherWear */ = {
			isa = PBXGroup;
			children = (
				D965EEBB2ADD1E0F00426096 /* Domain */,
				D965EEB92ADD1E0900426096 /* DataSource */,
				D965EE852ADD1E0200426096 /* Presentation */,
				D925C26B2ACDF17400075D5D /* Util */,
				D9FA08752AB5A63B005EC223 /* AppDelegate.swift */,
				D9FA08772AB5A63B005EC223 /* SceneDelegate.swift */,
				D9FA08BC2AB5B96A005EC223 /* BaseViewController.swift */,
				D9FA08792AB5A63B005EC223 /* ViewController.swift */,
				D9FA087E2AB5A63D005EC223 /* Assets.xcassets */,
				D9FA08802AB5A63D005EC223 /* LaunchScreen.storyboard */,
				D9FA08832AB5A63D005EC223 /* Info.plist */,
			);
			path = WeatherWear;
			sourceTree = "<group>";
		};
		D9FA088B2AB5A63D005EC223 /* WeatherWearTests */ = {
			isa = PBXGroup;
			children = (
				D9FA088C2AB5A63D005EC223 /* WeatherWearTests.swift */,
			);
			path = WeatherWearTests;
			sourceTree = "<group>";
		};
		D9FA08952AB5A63D005EC223 /* WeatherWearUITests */ = {
			isa = PBXGroup;
			children = (
				D9FA08962AB5A63D005EC223 /* WeatherWearUITests.swift */,
				D9FA08982AB5A63D005EC223 /* WeatherWearUITestsLaunchTests.swift */,
			);
			path = WeatherWearUITests;
			sourceTree = "<group>";
		};
/* End PBXGroup section */

/* Begin PBXNativeTarget section */
		D9FA08712AB5A63B005EC223 /* WeatherWear */ = {
			isa = PBXNativeTarget;
			buildConfigurationList = D9FA089C2AB5A63D005EC223 /* Build configuration list for PBXNativeTarget "WeatherWear" */;
			buildPhases = (
				D9FA086E2AB5A63B005EC223 /* Sources */,
				D9FA086F2AB5A63B005EC223 /* Frameworks */,
				D9FA08702AB5A63B005EC223 /* Resources */,
			);
			buildRules = (
			);
			dependencies = (
			);
			name = WeatherWear;
			packageProductDependencies = (
				D9FA08A62AB5A6CD005EC223 /* RxCocoa */,
				D9FA08A82AB5A6CD005EC223 /* RxRelay */,
				D9FA08AA2AB5A6CD005EC223 /* RxSwift */,
				D9FA08AD2AB5A6E4005EC223 /* SnapKit */,
				D9FA08B02AB5A6F6005EC223 /* ReactorKit */,
				D9FA08D12ABCF7FC005EC223 /* Then */,
			);
			productName = WeatherWear;
			productReference = D9FA08722AB5A63B005EC223 /* WeatherWear.app */;
			productType = "com.apple.product-type.application";
		};
		D9FA08872AB5A63D005EC223 /* WeatherWearTests */ = {
			isa = PBXNativeTarget;
			buildConfigurationList = D9FA089F2AB5A63D005EC223 /* Build configuration list for PBXNativeTarget "WeatherWearTests" */;
			buildPhases = (
				D9FA08842AB5A63D005EC223 /* Sources */,
				D9FA08852AB5A63D005EC223 /* Frameworks */,
				D9FA08862AB5A63D005EC223 /* Resources */,
			);
			buildRules = (
			);
			dependencies = (
				D9FA088A2AB5A63D005EC223 /* PBXTargetDependency */,
			);
			name = WeatherWearTests;
			productName = WeatherWearTests;
			productReference = D9FA08882AB5A63D005EC223 /* WeatherWearTests.xctest */;
			productType = "com.apple.product-type.bundle.unit-test";
		};
		D9FA08912AB5A63D005EC223 /* WeatherWearUITests */ = {
			isa = PBXNativeTarget;
			buildConfigurationList = D9FA08A22AB5A63D005EC223 /* Build configuration list for PBXNativeTarget "WeatherWearUITests" */;
			buildPhases = (
				D9FA088E2AB5A63D005EC223 /* Sources */,
				D9FA088F2AB5A63D005EC223 /* Frameworks */,
				D9FA08902AB5A63D005EC223 /* Resources */,
			);
			buildRules = (
			);
			dependencies = (
				D9FA08942AB5A63D005EC223 /* PBXTargetDependency */,
			);
			name = WeatherWearUITests;
			productName = WeatherWearUITests;
			productReference = D9FA08922AB5A63D005EC223 /* WeatherWearUITests.xctest */;
			productType = "com.apple.product-type.bundle.ui-testing";
		};
/* End PBXNativeTarget section */

/* Begin PBXProject section */
		D9FA086A2AB5A63B005EC223 /* Project object */ = {
			isa = PBXProject;
			attributes = {
				BuildIndependentTargetsInParallel = 1;
				LastSwiftUpdateCheck = 1420;
				LastUpgradeCheck = 1420;
				TargetAttributes = {
					D9FA08712AB5A63B005EC223 = {
						CreatedOnToolsVersion = 14.2;
					};
					D9FA08872AB5A63D005EC223 = {
						CreatedOnToolsVersion = 14.2;
						TestTargetID = D9FA08712AB5A63B005EC223;
					};
					D9FA08912AB5A63D005EC223 = {
						CreatedOnToolsVersion = 14.2;
						TestTargetID = D9FA08712AB5A63B005EC223;
					};
				};
			};
			buildConfigurationList = D9FA086D2AB5A63B005EC223 /* Build configuration list for PBXProject "WeatherWear" */;
			compatibilityVersion = "Xcode 14.0";
			developmentRegion = en;
			hasScannedForEncodings = 0;
			knownRegions = (
				en,
				Base,
			);
			mainGroup = D9FA08692AB5A63B005EC223;
			packageReferences = (
				D9FA08A52AB5A6CD005EC223 /* XCRemoteSwiftPackageReference "RxSwift" */,
				D9FA08AC2AB5A6E4005EC223 /* XCRemoteSwiftPackageReference "SnapKit" */,
				D9FA08AF2AB5A6F6005EC223 /* XCRemoteSwiftPackageReference "ReactorKit" */,
				D9FA08D02ABCF7FC005EC223 /* XCRemoteSwiftPackageReference "Then" */,
			);
			productRefGroup = D9FA08732AB5A63B005EC223 /* Products */;
			projectDirPath = "";
			projectRoot = "";
			targets = (
				D9FA08712AB5A63B005EC223 /* WeatherWear */,
				D9FA08872AB5A63D005EC223 /* WeatherWearTests */,
				D9FA08912AB5A63D005EC223 /* WeatherWearUITests */,
			);
		};
/* End PBXProject section */

/* Begin PBXResourcesBuildPhase section */
		D9FA08702AB5A63B005EC223 /* Resources */ = {
			isa = PBXResourcesBuildPhase;
			buildActionMask = 2147483647;
			files = (
				D9FA08822AB5A63D005EC223 /* LaunchScreen.storyboard in Resources */,
				D9FA087F2AB5A63D005EC223 /* Assets.xcassets in Resources */,
			);
			runOnlyForDeploymentPostprocessing = 0;
		};
		D9FA08862AB5A63D005EC223 /* Resources */ = {
			isa = PBXResourcesBuildPhase;
			buildActionMask = 2147483647;
			files = (
			);
			runOnlyForDeploymentPostprocessing = 0;
		};
		D9FA08902AB5A63D005EC223 /* Resources */ = {
			isa = PBXResourcesBuildPhase;
			buildActionMask = 2147483647;
			files = (
			);
			runOnlyForDeploymentPostprocessing = 0;
		};
/* End PBXResourcesBuildPhase section */

/* Begin PBXSourcesBuildPhase section */
		D9FA086E2AB5A63B005EC223 /* Sources */ = {
			isa = PBXSourcesBuildPhase;
			buildActionMask = 2147483647;
			files = (
				D965EEAF2ADD1E0200426096 /* BriefingCell.swift in Sources */,
				D965EEB32ADD1E0200426096 /* OptionCollectionView.swift in Sources */,
				D965EEAB2ADD1E0200426096 /* AdvicePositionView.swift in Sources */,
				D925C27C2ACF0C3200075D5D /* UIImage.swift in Sources */,
				D965EED22ADD1E0F00426096 /* ServiceProvider.swift in Sources */,
				D965EECB2ADD1E0F00426096 /* WeatherCondition.swift in Sources */,
				D965EEB62ADD1E0200426096 /* OutingTimeCell.swift in Sources */,
				D965EEAA2ADD1E0200426096 /* HomeView.swift in Sources */,
				D965EEAC2ADD1E0200426096 /* ComfortIndexCell.swift in Sources */,
				D965EEB12ADD1E0200426096 /* HomeViewController.swift in Sources */,
				D925C26D2ACDF18200075D5D /* UIColor.swift in Sources */,
				D9FA087A2AB5A63B005EC223 /* ViewController.swift in Sources */,
				D965EED02ADD1E0F00426096 /* UserLocationService.swift in Sources */,
				D965EEA82ADD1E0200426096 /* MainTextCell.swift in Sources */,
				D965EEA52ADD1E0200426096 /* TabBarController.swift in Sources */,
				D965EECC2ADD1E0F00426096 /* ComfortIndexData.swift in Sources */,
				D965EEB42ADD1E0200426096 /* SettingSegmentedControl.swift in Sources */,
				D965EEB52ADD1E0200426096 /* UserLocationCell.swift in Sources */,
				D965EEAD2ADD1E0200426096 /* TemperatureColorView.swift in Sources */,
				D965EEB02ADD1E0200426096 /* TriangleView.swift in Sources */,
				D965EEA62ADD1E0200426096 /* TemperatureBar.swift in Sources */,
				D965EECD2ADD1E0F00426096 /* Advice.swift in Sources */,
				D925C2892ACF2B8500075D5D /* String.swift in Sources */,
				D9FA08762AB5A63B005EC223 /* AppDelegate.swift in Sources */,
				D965EED32ADD1E0F00426096 /* OutingTimeService.swift in Sources */,
				D965EEB82ADD1E0200426096 /* SettingViewController.swift in Sources */,
				D965EEAE2ADD1E0200426096 /* HomeHeaderView.swift in Sources */,
				D965EEA92ADD1E0200426096 /* CharacterCell.swift in Sources */,
				D965EECF2ADD1E0F00426096 /* BriefingData.swift in Sources */,
				D965EECE2ADD1E0F00426096 /* Weather.swift in Sources */,
				D965EED12ADD1E0F00426096 /* WeatherService.swift in Sources */,
				D965EED42ADD1E0F00426096 /* DegreeOptionService.swift in Sources */,
				D965EEB72ADD1E0200426096 /* SettingView.swift in Sources */,
				D9FA08782AB5A63B005EC223 /* SceneDelegate.swift in Sources */,
				D965EECA2ADD1E0F00426096 /* UserLocation.swift in Sources */,
				D965EEA42ADD1E0200426096 /* TabBarItem.swift in Sources */,
				D965EEA72ADD1E0200426096 /* AdviceView.swift in Sources */,
				D965EED52ADD1E0F00426096 /* AutoOptionService.swift in Sources */,
				D9FA08BD2AB5B96A005EC223 /* BaseViewController.swift in Sources */,
				D965EEB22ADD1E0200426096 /* SettingHeader.swift in Sources */,
			);
			runOnlyForDeploymentPostprocessing = 0;
		};
		D9FA08842AB5A63D005EC223 /* Sources */ = {
			isa = PBXSourcesBuildPhase;
			buildActionMask = 2147483647;
			files = (
				D9FA088D2AB5A63D005EC223 /* WeatherWearTests.swift in Sources */,
			);
			runOnlyForDeploymentPostprocessing = 0;
		};
		D9FA088E2AB5A63D005EC223 /* Sources */ = {
			isa = PBXSourcesBuildPhase;
			buildActionMask = 2147483647;
			files = (
				D9FA08992AB5A63D005EC223 /* WeatherWearUITestsLaunchTests.swift in Sources */,
				D9FA08972AB5A63D005EC223 /* WeatherWearUITests.swift in Sources */,
			);
			runOnlyForDeploymentPostprocessing = 0;
		};
/* End PBXSourcesBuildPhase section */

/* Begin PBXTargetDependency section */
		D9FA088A2AB5A63D005EC223 /* PBXTargetDependency */ = {
			isa = PBXTargetDependency;
			target = D9FA08712AB5A63B005EC223 /* WeatherWear */;
			targetProxy = D9FA08892AB5A63D005EC223 /* PBXContainerItemProxy */;
		};
		D9FA08942AB5A63D005EC223 /* PBXTargetDependency */ = {
			isa = PBXTargetDependency;
			target = D9FA08712AB5A63B005EC223 /* WeatherWear */;
			targetProxy = D9FA08932AB5A63D005EC223 /* PBXContainerItemProxy */;
		};
/* End PBXTargetDependency section */

/* Begin PBXVariantGroup section */
		D9FA08802AB5A63D005EC223 /* LaunchScreen.storyboard */ = {
			isa = PBXVariantGroup;
			children = (
				D9FA08812AB5A63D005EC223 /* Base */,
			);
			name = LaunchScreen.storyboard;
			sourceTree = "<group>";
		};
/* End PBXVariantGroup section */

/* Begin XCBuildConfiguration section */
		D9FA089A2AB5A63D005EC223 /* Debug */ = {
			isa = XCBuildConfiguration;
			buildSettings = {
				ALWAYS_SEARCH_USER_PATHS = NO;
				CLANG_ANALYZER_NONNULL = YES;
				CLANG_ANALYZER_NUMBER_OBJECT_CONVERSION = YES_AGGRESSIVE;
				CLANG_CXX_LANGUAGE_STANDARD = "gnu++20";
				CLANG_ENABLE_MODULES = YES;
				CLANG_ENABLE_OBJC_ARC = YES;
				CLANG_ENABLE_OBJC_WEAK = YES;
				CLANG_WARN_BLOCK_CAPTURE_AUTORELEASING = YES;
				CLANG_WARN_BOOL_CONVERSION = YES;
				CLANG_WARN_COMMA = YES;
				CLANG_WARN_CONSTANT_CONVERSION = YES;
				CLANG_WARN_DEPRECATED_OBJC_IMPLEMENTATIONS = YES;
				CLANG_WARN_DIRECT_OBJC_ISA_USAGE = YES_ERROR;
				CLANG_WARN_DOCUMENTATION_COMMENTS = YES;
				CLANG_WARN_EMPTY_BODY = YES;
				CLANG_WARN_ENUM_CONVERSION = YES;
				CLANG_WARN_INFINITE_RECURSION = YES;
				CLANG_WARN_INT_CONVERSION = YES;
				CLANG_WARN_NON_LITERAL_NULL_CONVERSION = YES;
				CLANG_WARN_OBJC_IMPLICIT_RETAIN_SELF = YES;
				CLANG_WARN_OBJC_LITERAL_CONVERSION = YES;
				CLANG_WARN_OBJC_ROOT_CLASS = YES_ERROR;
				CLANG_WARN_QUOTED_INCLUDE_IN_FRAMEWORK_HEADER = YES;
				CLANG_WARN_RANGE_LOOP_ANALYSIS = YES;
				CLANG_WARN_STRICT_PROTOTYPES = YES;
				CLANG_WARN_SUSPICIOUS_MOVE = YES;
				CLANG_WARN_UNGUARDED_AVAILABILITY = YES_AGGRESSIVE;
				CLANG_WARN_UNREACHABLE_CODE = YES;
				CLANG_WARN__DUPLICATE_METHOD_MATCH = YES;
				COPY_PHASE_STRIP = NO;
				DEBUG_INFORMATION_FORMAT = dwarf;
				ENABLE_STRICT_OBJC_MSGSEND = YES;
				ENABLE_TESTABILITY = YES;
				GCC_C_LANGUAGE_STANDARD = gnu11;
				GCC_DYNAMIC_NO_PIC = NO;
				GCC_NO_COMMON_BLOCKS = YES;
				GCC_OPTIMIZATION_LEVEL = 0;
				GCC_PREPROCESSOR_DEFINITIONS = (
					"DEBUG=1",
					"$(inherited)",
				);
				GCC_WARN_64_TO_32_BIT_CONVERSION = YES;
				GCC_WARN_ABOUT_RETURN_TYPE = YES_ERROR;
				GCC_WARN_UNDECLARED_SELECTOR = YES;
				GCC_WARN_UNINITIALIZED_AUTOS = YES_AGGRESSIVE;
				GCC_WARN_UNUSED_FUNCTION = YES;
				GCC_WARN_UNUSED_VARIABLE = YES;
				IPHONEOS_DEPLOYMENT_TARGET = 16.2;
				MTL_ENABLE_DEBUG_INFO = INCLUDE_SOURCE;
				MTL_FAST_MATH = YES;
				ONLY_ACTIVE_ARCH = YES;
				SDKROOT = iphoneos;
				SWIFT_ACTIVE_COMPILATION_CONDITIONS = DEBUG;
				SWIFT_OPTIMIZATION_LEVEL = "-Onone";
			};
			name = Debug;
		};
		D9FA089B2AB5A63D005EC223 /* Release */ = {
			isa = XCBuildConfiguration;
			buildSettings = {
				ALWAYS_SEARCH_USER_PATHS = NO;
				CLANG_ANALYZER_NONNULL = YES;
				CLANG_ANALYZER_NUMBER_OBJECT_CONVERSION = YES_AGGRESSIVE;
				CLANG_CXX_LANGUAGE_STANDARD = "gnu++20";
				CLANG_ENABLE_MODULES = YES;
				CLANG_ENABLE_OBJC_ARC = YES;
				CLANG_ENABLE_OBJC_WEAK = YES;
				CLANG_WARN_BLOCK_CAPTURE_AUTORELEASING = YES;
				CLANG_WARN_BOOL_CONVERSION = YES;
				CLANG_WARN_COMMA = YES;
				CLANG_WARN_CONSTANT_CONVERSION = YES;
				CLANG_WARN_DEPRECATED_OBJC_IMPLEMENTATIONS = YES;
				CLANG_WARN_DIRECT_OBJC_ISA_USAGE = YES_ERROR;
				CLANG_WARN_DOCUMENTATION_COMMENTS = YES;
				CLANG_WARN_EMPTY_BODY = YES;
				CLANG_WARN_ENUM_CONVERSION = YES;
				CLANG_WARN_INFINITE_RECURSION = YES;
				CLANG_WARN_INT_CONVERSION = YES;
				CLANG_WARN_NON_LITERAL_NULL_CONVERSION = YES;
				CLANG_WARN_OBJC_IMPLICIT_RETAIN_SELF = YES;
				CLANG_WARN_OBJC_LITERAL_CONVERSION = YES;
				CLANG_WARN_OBJC_ROOT_CLASS = YES_ERROR;
				CLANG_WARN_QUOTED_INCLUDE_IN_FRAMEWORK_HEADER = YES;
				CLANG_WARN_RANGE_LOOP_ANALYSIS = YES;
				CLANG_WARN_STRICT_PROTOTYPES = YES;
				CLANG_WARN_SUSPICIOUS_MOVE = YES;
				CLANG_WARN_UNGUARDED_AVAILABILITY = YES_AGGRESSIVE;
				CLANG_WARN_UNREACHABLE_CODE = YES;
				CLANG_WARN__DUPLICATE_METHOD_MATCH = YES;
				COPY_PHASE_STRIP = NO;
				DEBUG_INFORMATION_FORMAT = "dwarf-with-dsym";
				ENABLE_NS_ASSERTIONS = NO;
				ENABLE_STRICT_OBJC_MSGSEND = YES;
				GCC_C_LANGUAGE_STANDARD = gnu11;
				GCC_NO_COMMON_BLOCKS = YES;
				GCC_WARN_64_TO_32_BIT_CONVERSION = YES;
				GCC_WARN_ABOUT_RETURN_TYPE = YES_ERROR;
				GCC_WARN_UNDECLARED_SELECTOR = YES;
				GCC_WARN_UNINITIALIZED_AUTOS = YES_AGGRESSIVE;
				GCC_WARN_UNUSED_FUNCTION = YES;
				GCC_WARN_UNUSED_VARIABLE = YES;
				IPHONEOS_DEPLOYMENT_TARGET = 16.2;
				MTL_ENABLE_DEBUG_INFO = NO;
				MTL_FAST_MATH = YES;
				SDKROOT = iphoneos;
				SWIFT_COMPILATION_MODE = wholemodule;
				SWIFT_OPTIMIZATION_LEVEL = "-O";
				VALIDATE_PRODUCT = YES;
			};
			name = Release;
		};
		D9FA089D2AB5A63D005EC223 /* Debug */ = {
			isa = XCBuildConfiguration;
			buildSettings = {
				ASSETCATALOG_COMPILER_APPICON_NAME = AppIcon;
				ASSETCATALOG_COMPILER_GLOBAL_ACCENT_COLOR_NAME = AccentColor;
				CODE_SIGN_STYLE = Automatic;
				CURRENT_PROJECT_VERSION = 1;
				DEVELOPMENT_TEAM = ZT2M7655AF;
				GENERATE_INFOPLIST_FILE = YES;
				INFOPLIST_FILE = WeatherWear/Info.plist;
				INFOPLIST_KEY_UIApplicationSupportsIndirectInputEvents = YES;
				INFOPLIST_KEY_UILaunchStoryboardName = LaunchScreen;
				INFOPLIST_KEY_UISupportedInterfaceOrientations_iPad = "UIInterfaceOrientationPortrait UIInterfaceOrientationPortraitUpsideDown UIInterfaceOrientationLandscapeLeft UIInterfaceOrientationLandscapeRight";
				INFOPLIST_KEY_UISupportedInterfaceOrientations_iPhone = "UIInterfaceOrientationPortrait UIInterfaceOrientationLandscapeLeft UIInterfaceOrientationLandscapeRight";
				LD_RUNPATH_SEARCH_PATHS = (
					"$(inherited)",
					"@executable_path/Frameworks",
				);
				MARKETING_VERSION = 1.0;
				PRODUCT_BUNDLE_IDENTIFIER = kr.weatherwear.WeatherWear;
				PRODUCT_NAME = "$(TARGET_NAME)";
				SWIFT_EMIT_LOC_STRINGS = YES;
				SWIFT_VERSION = 5.0;
				TARGETED_DEVICE_FAMILY = "1,2";
			};
			name = Debug;
		};
		D9FA089E2AB5A63D005EC223 /* Release */ = {
			isa = XCBuildConfiguration;
			buildSettings = {
				ASSETCATALOG_COMPILER_APPICON_NAME = AppIcon;
				ASSETCATALOG_COMPILER_GLOBAL_ACCENT_COLOR_NAME = AccentColor;
				CODE_SIGN_STYLE = Automatic;
				CURRENT_PROJECT_VERSION = 1;
				DEVELOPMENT_TEAM = ZT2M7655AF;
				GENERATE_INFOPLIST_FILE = YES;
				INFOPLIST_FILE = WeatherWear/Info.plist;
				INFOPLIST_KEY_UIApplicationSupportsIndirectInputEvents = YES;
				INFOPLIST_KEY_UILaunchStoryboardName = LaunchScreen;
				INFOPLIST_KEY_UISupportedInterfaceOrientations_iPad = "UIInterfaceOrientationPortrait UIInterfaceOrientationPortraitUpsideDown UIInterfaceOrientationLandscapeLeft UIInterfaceOrientationLandscapeRight";
				INFOPLIST_KEY_UISupportedInterfaceOrientations_iPhone = "UIInterfaceOrientationPortrait UIInterfaceOrientationLandscapeLeft UIInterfaceOrientationLandscapeRight";
				LD_RUNPATH_SEARCH_PATHS = (
					"$(inherited)",
					"@executable_path/Frameworks",
				);
				MARKETING_VERSION = 1.0;
				PRODUCT_BUNDLE_IDENTIFIER = kr.weatherwear.WeatherWear;
				PRODUCT_NAME = "$(TARGET_NAME)";
				SWIFT_EMIT_LOC_STRINGS = YES;
				SWIFT_VERSION = 5.0;
				TARGETED_DEVICE_FAMILY = "1,2";
			};
			name = Release;
		};
		D9FA08A02AB5A63D005EC223 /* Debug */ = {
			isa = XCBuildConfiguration;
			buildSettings = {
				ALWAYS_EMBED_SWIFT_STANDARD_LIBRARIES = YES;
				BUNDLE_LOADER = "$(TEST_HOST)";
				CODE_SIGN_STYLE = Automatic;
				CURRENT_PROJECT_VERSION = 1;
				DEVELOPMENT_TEAM = ZT2M7655AF;
				GENERATE_INFOPLIST_FILE = YES;
				IPHONEOS_DEPLOYMENT_TARGET = 16.2;
				MARKETING_VERSION = 1.0;
				PRODUCT_BUNDLE_IDENTIFIER = kr.weatherwear.WeatherWearTests;
				PRODUCT_NAME = "$(TARGET_NAME)";
				SWIFT_EMIT_LOC_STRINGS = NO;
				SWIFT_VERSION = 5.0;
				TARGETED_DEVICE_FAMILY = "1,2";
				TEST_HOST = "$(BUILT_PRODUCTS_DIR)/WeatherWear.app/$(BUNDLE_EXECUTABLE_FOLDER_PATH)/WeatherWear";
			};
			name = Debug;
		};
		D9FA08A12AB5A63D005EC223 /* Release */ = {
			isa = XCBuildConfiguration;
			buildSettings = {
				ALWAYS_EMBED_SWIFT_STANDARD_LIBRARIES = YES;
				BUNDLE_LOADER = "$(TEST_HOST)";
				CODE_SIGN_STYLE = Automatic;
				CURRENT_PROJECT_VERSION = 1;
				DEVELOPMENT_TEAM = ZT2M7655AF;
				GENERATE_INFOPLIST_FILE = YES;
				IPHONEOS_DEPLOYMENT_TARGET = 16.2;
				MARKETING_VERSION = 1.0;
				PRODUCT_BUNDLE_IDENTIFIER = kr.weatherwear.WeatherWearTests;
				PRODUCT_NAME = "$(TARGET_NAME)";
				SWIFT_EMIT_LOC_STRINGS = NO;
				SWIFT_VERSION = 5.0;
				TARGETED_DEVICE_FAMILY = "1,2";
				TEST_HOST = "$(BUILT_PRODUCTS_DIR)/WeatherWear.app/$(BUNDLE_EXECUTABLE_FOLDER_PATH)/WeatherWear";
			};
			name = Release;
		};
		D9FA08A32AB5A63D005EC223 /* Debug */ = {
			isa = XCBuildConfiguration;
			buildSettings = {
				ALWAYS_EMBED_SWIFT_STANDARD_LIBRARIES = YES;
				CODE_SIGN_STYLE = Automatic;
				CURRENT_PROJECT_VERSION = 1;
				DEVELOPMENT_TEAM = ZT2M7655AF;
				GENERATE_INFOPLIST_FILE = YES;
				MARKETING_VERSION = 1.0;
				PRODUCT_BUNDLE_IDENTIFIER = kr.weatherwear.WeatherWearUITests;
				PRODUCT_NAME = "$(TARGET_NAME)";
				SWIFT_EMIT_LOC_STRINGS = NO;
				SWIFT_VERSION = 5.0;
				TARGETED_DEVICE_FAMILY = "1,2";
				TEST_TARGET_NAME = WeatherWear;
			};
			name = Debug;
		};
		D9FA08A42AB5A63D005EC223 /* Release */ = {
			isa = XCBuildConfiguration;
			buildSettings = {
				ALWAYS_EMBED_SWIFT_STANDARD_LIBRARIES = YES;
				CODE_SIGN_STYLE = Automatic;
				CURRENT_PROJECT_VERSION = 1;
				DEVELOPMENT_TEAM = ZT2M7655AF;
				GENERATE_INFOPLIST_FILE = YES;
				MARKETING_VERSION = 1.0;
				PRODUCT_BUNDLE_IDENTIFIER = kr.weatherwear.WeatherWearUITests;
				PRODUCT_NAME = "$(TARGET_NAME)";
				SWIFT_EMIT_LOC_STRINGS = NO;
				SWIFT_VERSION = 5.0;
				TARGETED_DEVICE_FAMILY = "1,2";
				TEST_TARGET_NAME = WeatherWear;
			};
			name = Release;
		};
/* End XCBuildConfiguration section */

/* Begin XCConfigurationList section */
		D9FA086D2AB5A63B005EC223 /* Build configuration list for PBXProject "WeatherWear" */ = {
			isa = XCConfigurationList;
			buildConfigurations = (
				D9FA089A2AB5A63D005EC223 /* Debug */,
				D9FA089B2AB5A63D005EC223 /* Release */,
			);
			defaultConfigurationIsVisible = 0;
			defaultConfigurationName = Release;
		};
		D9FA089C2AB5A63D005EC223 /* Build configuration list for PBXNativeTarget "WeatherWear" */ = {
			isa = XCConfigurationList;
			buildConfigurations = (
				D9FA089D2AB5A63D005EC223 /* Debug */,
				D9FA089E2AB5A63D005EC223 /* Release */,
			);
			defaultConfigurationIsVisible = 0;
			defaultConfigurationName = Release;
		};
		D9FA089F2AB5A63D005EC223 /* Build configuration list for PBXNativeTarget "WeatherWearTests" */ = {
			isa = XCConfigurationList;
			buildConfigurations = (
				D9FA08A02AB5A63D005EC223 /* Debug */,
				D9FA08A12AB5A63D005EC223 /* Release */,
			);
			defaultConfigurationIsVisible = 0;
			defaultConfigurationName = Release;
		};
		D9FA08A22AB5A63D005EC223 /* Build configuration list for PBXNativeTarget "WeatherWearUITests" */ = {
			isa = XCConfigurationList;
			buildConfigurations = (
				D9FA08A32AB5A63D005EC223 /* Debug */,
				D9FA08A42AB5A63D005EC223 /* Release */,
			);
			defaultConfigurationIsVisible = 0;
			defaultConfigurationName = Release;
		};
/* End XCConfigurationList section */

/* Begin XCRemoteSwiftPackageReference section */
		D9FA08A52AB5A6CD005EC223 /* XCRemoteSwiftPackageReference "RxSwift" */ = {
			isa = XCRemoteSwiftPackageReference;
			repositoryURL = "https://github.com/ReactiveX/RxSwift";
			requirement = {
				branch = main;
				kind = branch;
			};
		};
		D9FA08AC2AB5A6E4005EC223 /* XCRemoteSwiftPackageReference "SnapKit" */ = {
			isa = XCRemoteSwiftPackageReference;
			repositoryURL = "https://github.com/SnapKit/SnapKit";
			requirement = {
				branch = develop;
				kind = branch;
			};
		};
		D9FA08AF2AB5A6F6005EC223 /* XCRemoteSwiftPackageReference "ReactorKit" */ = {
			isa = XCRemoteSwiftPackageReference;
			repositoryURL = "https://github.com/ReactorKit/ReactorKit";
			requirement = {
				kind = upToNextMajorVersion;
				minimumVersion = 3.0.0;
			};
		};
		D9FA08D02ABCF7FC005EC223 /* XCRemoteSwiftPackageReference "Then" */ = {
			isa = XCRemoteSwiftPackageReference;
			repositoryURL = "https://github.com/devxoul/Then";
			requirement = {
				branch = master;
				kind = branch;
			};
		};
/* End XCRemoteSwiftPackageReference section */

/* Begin XCSwiftPackageProductDependency section */
		D9FA08A62AB5A6CD005EC223 /* RxCocoa */ = {
			isa = XCSwiftPackageProductDependency;
			package = D9FA08A52AB5A6CD005EC223 /* XCRemoteSwiftPackageReference "RxSwift" */;
			productName = RxCocoa;
		};
		D9FA08A82AB5A6CD005EC223 /* RxRelay */ = {
			isa = XCSwiftPackageProductDependency;
			package = D9FA08A52AB5A6CD005EC223 /* XCRemoteSwiftPackageReference "RxSwift" */;
			productName = RxRelay;
		};
		D9FA08AA2AB5A6CD005EC223 /* RxSwift */ = {
			isa = XCSwiftPackageProductDependency;
			package = D9FA08A52AB5A6CD005EC223 /* XCRemoteSwiftPackageReference "RxSwift" */;
			productName = RxSwift;
		};
		D9FA08AD2AB5A6E4005EC223 /* SnapKit */ = {
			isa = XCSwiftPackageProductDependency;
			package = D9FA08AC2AB5A6E4005EC223 /* XCRemoteSwiftPackageReference "SnapKit" */;
			productName = SnapKit;
		};
		D9FA08B02AB5A6F6005EC223 /* ReactorKit */ = {
			isa = XCSwiftPackageProductDependency;
			package = D9FA08AF2AB5A6F6005EC223 /* XCRemoteSwiftPackageReference "ReactorKit" */;
			productName = ReactorKit;
		};
		D9FA08D12ABCF7FC005EC223 /* Then */ = {
			isa = XCSwiftPackageProductDependency;
			package = D9FA08D02ABCF7FC005EC223 /* XCRemoteSwiftPackageReference "Then" */;
			productName = Then;
		};
/* End XCSwiftPackageProductDependency section */
	};
	rootObject = D9FA086A2AB5A63B005EC223 /* Project object */;
}
