// !$*UTF8*$!
{
	archiveVersion = 1;
	classes = {
	};
	objectVersion = 56;
	objects = {

/* Begin PBXBuildFile section */
		D920377F2AF3677800F94B6D /* AppColor.swift in Sources */ = {isa = PBXBuildFile; fileRef = D920377E2AF3677800F94B6D /* AppColor.swift */; };
		D92037832AF39C9B00F94B6D /* ImageCell.swift in Sources */ = {isa = PBXBuildFile; fileRef = D92037822AF39C9B00F94B6D /* ImageCell.swift */; };
		D92037852AF39E1500F94B6D /* ImageCellViewModel.swift in Sources */ = {isa = PBXBuildFile; fileRef = D92037842AF39E1500F94B6D /* ImageCellViewModel.swift */; };
		D920379C2AF4F9FF00F94B6D /* AppFont.swift in Sources */ = {isa = PBXBuildFile; fileRef = D920379B2AF4F9FF00F94B6D /* AppFont.swift */; };
		D925C26D2ACDF18200075D5D /* UIColor.swift in Sources */ = {isa = PBXBuildFile; fileRef = D925C26C2ACDF18200075D5D /* UIColor.swift */; };
		D925C27C2ACF0C3200075D5D /* UIImage.swift in Sources */ = {isa = PBXBuildFile; fileRef = D925C27B2ACF0C3200075D5D /* UIImage.swift */; };
		D925C2892ACF2B8500075D5D /* String.swift in Sources */ = {isa = PBXBuildFile; fileRef = D925C2882ACF2B8500075D5D /* String.swift */; };
		D92703E92B0CA3EA007CD605 /* LocalError.swift in Sources */ = {isa = PBXBuildFile; fileRef = D92703E82B0CA3EA007CD605 /* LocalError.swift */; };
		D92703ED2B0DDD8A007CD605 /* WeatherUnit.swift in Sources */ = {isa = PBXBuildFile; fileRef = D92703EC2B0DDD8A007CD605 /* WeatherUnit.swift */; };
		D92703EF2B0DFF60007CD605 /* WeatherUnitCase.swift in Sources */ = {isa = PBXBuildFile; fileRef = D92703EE2B0DFF60007CD605 /* WeatherUnitCase.swift */; };
		D92929652AF0030F00D9EA9E /* DataSource.swift in Sources */ = {isa = PBXBuildFile; fileRef = D92929642AF0030F00D9EA9E /* DataSource.swift */; };
		D92929682AF00EED00D9EA9E /* SpacingCell.swift in Sources */ = {isa = PBXBuildFile; fileRef = D92929672AF00EED00D9EA9E /* SpacingCell.swift */; };
		D929296A2AF0192300D9EA9E /* SpacingCellViewModel.swift in Sources */ = {isa = PBXBuildFile; fileRef = D92929692AF0192300D9EA9E /* SpacingCellViewModel.swift */; };
		D929296E2AF01BE900D9EA9E /* TextCell.swift in Sources */ = {isa = PBXBuildFile; fileRef = D929296D2AF01BE900D9EA9E /* TextCell.swift */; };
		D92929702AF01CEE00D9EA9E /* TextCellViewModel.swift in Sources */ = {isa = PBXBuildFile; fileRef = D929296F2AF01CEE00D9EA9E /* TextCellViewModel.swift */; };
		D92929722AF02BB600D9EA9E /* HomeViewReactor.swift in Sources */ = {isa = PBXBuildFile; fileRef = D92929712AF02BB600D9EA9E /* HomeViewReactor.swift */; };
		D92CEAB42B3C38A30085D522 /* Single.swift in Sources */ = {isa = PBXBuildFile; fileRef = D92CEAB32B3C38A30085D522 /* Single.swift */; };
		D92CEABA2B3C55A90085D522 /* CharacterCellData.swift in Sources */ = {isa = PBXBuildFile; fileRef = D92CEAB92B3C55A90085D522 /* CharacterCellData.swift */; };
		D92CEABE2B4582C10085D522 /* Date.swift in Sources */ = {isa = PBXBuildFile; fileRef = D92CEABD2B4582C10085D522 /* Date.swift */; };
		D92CEAC02B45A55D0085D522 /* BriefingCellData.swift in Sources */ = {isa = PBXBuildFile; fileRef = D92CEABF2B45A55D0085D522 /* BriefingCellData.swift */; };
		D92CEAC22B4600200085D522 /* ComfortIndexCellData.swift in Sources */ = {isa = PBXBuildFile; fileRef = D92CEAC12B4600200085D522 /* ComfortIndexCellData.swift */; };
		D92CEB312B474D9A0085D522 /* WeatherGraphCell.swift in Sources */ = {isa = PBXBuildFile; fileRef = D92CEAEA2B460B4A0085D522 /* WeatherGraphCell.swift */; };
		D92CEB322B474DAC0085D522 /* WeatherGraphCellViewModel.swift in Sources */ = {isa = PBXBuildFile; fileRef = D92CEAE82B460B4A0085D522 /* WeatherGraphCellViewModel.swift */; };
		D92CEB332B474DDF0085D522 /* WeatherGraphCellData.swift in Sources */ = {isa = PBXBuildFile; fileRef = D92CEACE2B460B4A0085D522 /* WeatherGraphCellData.swift */; };
		D9345A642AE62F1F004B42C8 /* CircleView.swift in Sources */ = {isa = PBXBuildFile; fileRef = D9345A612AE62F1F004B42C8 /* CircleView.swift */; };
		D93600E62B50AFEA0094376E /* Section.swift in Sources */ = {isa = PBXBuildFile; fileRef = D93600E52B50AFEA0094376E /* Section.swift */; };
		D93600E82B50E3EB0094376E /* ViewModelBuilder.swift in Sources */ = {isa = PBXBuildFile; fileRef = D93600E72B50E3EB0094376E /* ViewModelBuilder.swift */; };
		D93600EC2B55EDC70094376E /* Delegate.swift in Sources */ = {isa = PBXBuildFile; fileRef = D93600EB2B55EDC70094376E /* Delegate.swift */; };
		D93600F02B58E43B0094376E /* Bindable.swift in Sources */ = {isa = PBXBuildFile; fileRef = D93600EF2B58E43B0094376E /* Bindable.swift */; };
		D93600F22B58E8620094376E /* CellData.swift in Sources */ = {isa = PBXBuildFile; fileRef = D93600F12B58E8620094376E /* CellData.swift */; };
		D93600F42B5979500094376E /* AnimatedRefreshControl.swift in Sources */ = {isa = PBXBuildFile; fileRef = D93600F32B5979500094376E /* AnimatedRefreshControl.swift */; };
		D93600F72B5979A90094376E /* Lottie in Frameworks */ = {isa = PBXBuildFile; productRef = D93600F62B5979A90094376E /* Lottie */; };
		D93600F92B5A1ED20094376E /* loading.json in Resources */ = {isa = PBXBuildFile; fileRef = D93600F82B5A1ED20094376E /* loading.json */; };
		D93600FC2B6110460094376E /* HomeCollectionViewFlowLayout.swift in Sources */ = {isa = PBXBuildFile; fileRef = D93600FB2B6110460094376E /* HomeCollectionViewFlowLayout.swift */; };
		D93600FE2B626C440094376E /* GraphType.swift in Sources */ = {isa = PBXBuildFile; fileRef = D93600FD2B626C440094376E /* GraphType.swift */; };
		D93D369D2AFE260D00864BA5 /* LocationService.swift in Sources */ = {isa = PBXBuildFile; fileRef = D93D369C2AFE260D00864BA5 /* LocationService.swift */; };
		D93D36A42AFEE91300864BA5 /* WeatherRepositoryType.swift in Sources */ = {isa = PBXBuildFile; fileRef = D93D36A32AFEE91300864BA5 /* WeatherRepositoryType.swift */; };
		D93D36A62AFEE93C00864BA5 /* MockWeatherRepository.swift in Sources */ = {isa = PBXBuildFile; fileRef = D93D36A52AFEE93C00864BA5 /* MockWeatherRepository.swift */; };
		D94498142B2C518400354E7A /* Sequence.swift in Sources */ = {isa = PBXBuildFile; fileRef = D94498132B2C518400354E7A /* Sequence.swift */; };
		D95E567F2AF7FF18003E92A9 /* Intensity.swift in Sources */ = {isa = PBXBuildFile; fileRef = D95E567E2AF7FF18003E92A9 /* Intensity.swift */; };
		D95E568F2AF81C1E003E92A9 /* SectionBuilder.swift in Sources */ = {isa = PBXBuildFile; fileRef = D95E568E2AF81C1E003E92A9 /* SectionBuilder.swift */; };
		D95E56952AF8D727003E92A9 /* Touchable.swift in Sources */ = {isa = PBXBuildFile; fileRef = D95E56942AF8D727003E92A9 /* Touchable.swift */; };
		D95E56972AF8D754003E92A9 /* ContainsButton.swift in Sources */ = {isa = PBXBuildFile; fileRef = D95E56962AF8D754003E92A9 /* ContainsButton.swift */; };
		D95E56992AF8D780003E92A9 /* ContainsSegment.swift in Sources */ = {isa = PBXBuildFile; fileRef = D95E56982AF8D780003E92A9 /* ContainsSegment.swift */; };
		D95E569B2AF9A59D003E92A9 /* BaseCell.swift in Sources */ = {isa = PBXBuildFile; fileRef = D95E569A2AF9A59D003E92A9 /* BaseCell.swift */; };
		D95E569E2AFA023D003E92A9 /* RxGesture in Frameworks */ = {isa = PBXBuildFile; productRef = D95E569D2AFA023D003E92A9 /* RxGesture */; };
		D95E93F72B0700AA00ADFFE7 /* Array.swift in Sources */ = {isa = PBXBuildFile; fileRef = D95E93F62B0700AA00ADFFE7 /* Array.swift */; };
		D95E93F92B08020C00ADFFE7 /* CollectionViewAdapter+Rx.swift in Sources */ = {isa = PBXBuildFile; fileRef = D95E93F82B08020C00ADFFE7 /* CollectionViewAdapter+Rx.swift */; };
		D95E93FB2B081F7000ADFFE7 /* UIViewController+Rx.swift in Sources */ = {isa = PBXBuildFile; fileRef = D95E93FA2B081F7000ADFFE7 /* UIViewController+Rx.swift */; };
		D95E94022B091D9500ADFFE7 /* WeatherMapper.swift in Sources */ = {isa = PBXBuildFile; fileRef = D95E94012B091D9500ADFFE7 /* WeatherMapper.swift */; };
		D95E94282B09B90800ADFFE7 /* ViewController.swift in Sources */ = {isa = PBXBuildFile; fileRef = D95E94272B09B90800ADFFE7 /* ViewController.swift */; };
		D95E942A2B0AF02C00ADFFE7 /* Location.swift in Sources */ = {isa = PBXBuildFile; fileRef = D95E94292B0AF02C00ADFFE7 /* Location.swift */; };
		D95E94342B0B11E800ADFFE7 /* WeatherKitService.swift in Sources */ = {isa = PBXBuildFile; fileRef = D95E94332B0B11E800ADFFE7 /* WeatherKitService.swift */; };
		D95E94382B0B2CB900ADFFE7 /* WeatherState.swift in Sources */ = {isa = PBXBuildFile; fileRef = D95E94372B0B2CB900ADFFE7 /* WeatherState.swift */; };
		D9649F822B68062500E990E2 /* PathMaker.swift in Sources */ = {isa = PBXBuildFile; fileRef = D9649F812B68062500E990E2 /* PathMaker.swift */; };
		D9649F842B68F09F00E990E2 /* TimeLineView.swift in Sources */ = {isa = PBXBuildFile; fileRef = D9649F832B68F09F00E990E2 /* TimeLineView.swift */; };
		D9649F862B68F0C300E990E2 /* RainFallView.swift in Sources */ = {isa = PBXBuildFile; fileRef = D9649F852B68F0C300E990E2 /* RainFallView.swift */; };
		D9649F8C2B6B8ABD00E990E2 /* CALayer.swift in Sources */ = {isa = PBXBuildFile; fileRef = D9649F8B2B6B8ABD00E990E2 /* CALayer.swift */; };
		D9649F8E2B6B931200E990E2 /* CAShapeLayer.swift in Sources */ = {isa = PBXBuildFile; fileRef = D9649F8D2B6B931200E990E2 /* CAShapeLayer.swift */; };
		D965EEA92ADD1E0200426096 /* CharacterCell.swift in Sources */ = {isa = PBXBuildFile; fileRef = D965EE902ADD1E0200426096 /* CharacterCell.swift */; };
		D965EEAA2ADD1E0200426096 /* HomeView.swift in Sources */ = {isa = PBXBuildFile; fileRef = D965EE912ADD1E0200426096 /* HomeView.swift */; };
		D965EEAC2ADD1E0200426096 /* ComfortIndexCell.swift in Sources */ = {isa = PBXBuildFile; fileRef = D965EE932ADD1E0200426096 /* ComfortIndexCell.swift */; };
		D965EEAF2ADD1E0200426096 /* BriefingCell.swift in Sources */ = {isa = PBXBuildFile; fileRef = D965EE962ADD1E0200426096 /* BriefingCell.swift */; };
		D965EEB12ADD1E0200426096 /* HomeViewController.swift in Sources */ = {isa = PBXBuildFile; fileRef = D965EE992ADD1E0200426096 /* HomeViewController.swift */; };
		D965EECE2ADD1E0F00426096 /* Weather.swift in Sources */ = {isa = PBXBuildFile; fileRef = D965EEC12ADD1E0F00426096 /* Weather.swift */; };
		D965EED12ADD1E0F00426096 /* WeatherRepository.swift in Sources */ = {isa = PBXBuildFile; fileRef = D965EEC52ADD1E0F00426096 /* WeatherRepository.swift */; };
		D965EED22ADD1E0F00426096 /* RepositoryProvider.swift in Sources */ = {isa = PBXBuildFile; fileRef = D965EEC62ADD1E0F00426096 /* RepositoryProvider.swift */; };
		D969FD442AEF8A9400BCFF11 /* ComfortIndexCellViewModel.swift in Sources */ = {isa = PBXBuildFile; fileRef = D969FD402AEF8A9400BCFF11 /* ComfortIndexCellViewModel.swift */; };
		D969FD462AEF8A9400BCFF11 /* CharacterCellViewModel.swift in Sources */ = {isa = PBXBuildFile; fileRef = D969FD422AEF8A9400BCFF11 /* CharacterCellViewModel.swift */; };
		D969FD472AEF8A9400BCFF11 /* BriefingCellViewModel.swift in Sources */ = {isa = PBXBuildFile; fileRef = D969FD432AEF8A9400BCFF11 /* BriefingCellViewModel.swift */; };
		D969FD502AEF8AB600BCFF11 /* ViewModel.swift in Sources */ = {isa = PBXBuildFile; fileRef = D969FD4F2AEF8AB600BCFF11 /* ViewModel.swift */; };
		D969FD6B2AEF960E00BCFF11 /* Adapter.swift in Sources */ = {isa = PBXBuildFile; fileRef = D969FD6A2AEF960E00BCFF11 /* Adapter.swift */; };
		D9FA08762AB5A63B005EC223 /* AppDelegate.swift in Sources */ = {isa = PBXBuildFile; fileRef = D9FA08752AB5A63B005EC223 /* AppDelegate.swift */; };
		D9FA08782AB5A63B005EC223 /* SceneDelegate.swift in Sources */ = {isa = PBXBuildFile; fileRef = D9FA08772AB5A63B005EC223 /* SceneDelegate.swift */; };
		D9FA087F2AB5A63D005EC223 /* Assets.xcassets in Resources */ = {isa = PBXBuildFile; fileRef = D9FA087E2AB5A63D005EC223 /* Assets.xcassets */; };
		D9FA08822AB5A63D005EC223 /* LaunchScreen.storyboard in Resources */ = {isa = PBXBuildFile; fileRef = D9FA08802AB5A63D005EC223 /* LaunchScreen.storyboard */; };
		D9FA088D2AB5A63D005EC223 /* WeatherWearTests.swift in Sources */ = {isa = PBXBuildFile; fileRef = D9FA088C2AB5A63D005EC223 /* WeatherWearTests.swift */; };
		D9FA08972AB5A63D005EC223 /* WeatherWearUITests.swift in Sources */ = {isa = PBXBuildFile; fileRef = D9FA08962AB5A63D005EC223 /* WeatherWearUITests.swift */; };
		D9FA08992AB5A63D005EC223 /* WeatherWearUITestsLaunchTests.swift in Sources */ = {isa = PBXBuildFile; fileRef = D9FA08982AB5A63D005EC223 /* WeatherWearUITestsLaunchTests.swift */; };
		D9FA08A72AB5A6CD005EC223 /* RxCocoa in Frameworks */ = {isa = PBXBuildFile; productRef = D9FA08A62AB5A6CD005EC223 /* RxCocoa */; };
		D9FA08A92AB5A6CD005EC223 /* RxRelay in Frameworks */ = {isa = PBXBuildFile; productRef = D9FA08A82AB5A6CD005EC223 /* RxRelay */; };
		D9FA08AB2AB5A6CD005EC223 /* RxSwift in Frameworks */ = {isa = PBXBuildFile; productRef = D9FA08AA2AB5A6CD005EC223 /* RxSwift */; };
		D9FA08AE2AB5A6E4005EC223 /* SnapKit in Frameworks */ = {isa = PBXBuildFile; productRef = D9FA08AD2AB5A6E4005EC223 /* SnapKit */; };
		D9FA08B12AB5A6F6005EC223 /* ReactorKit in Frameworks */ = {isa = PBXBuildFile; productRef = D9FA08B02AB5A6F6005EC223 /* ReactorKit */; };
		D9FA08BD2AB5B96A005EC223 /* BaseViewController.swift in Sources */ = {isa = PBXBuildFile; fileRef = D9FA08BC2AB5B96A005EC223 /* BaseViewController.swift */; };
		D9FA08D22ABCF7FC005EC223 /* Then in Frameworks */ = {isa = PBXBuildFile; productRef = D9FA08D12ABCF7FC005EC223 /* Then */; };
/* End PBXBuildFile section */

/* Begin PBXContainerItemProxy section */
		D9FA08892AB5A63D005EC223 /* PBXContainerItemProxy */ = {
			isa = PBXContainerItemProxy;
			containerPortal = D9FA086A2AB5A63B005EC223 /* Project object */;
			proxyType = 1;
			remoteGlobalIDString = D9FA08712AB5A63B005EC223;
			remoteInfo = WeatherWear;
		};
		D9FA08932AB5A63D005EC223 /* PBXContainerItemProxy */ = {
			isa = PBXContainerItemProxy;
			containerPortal = D9FA086A2AB5A63B005EC223 /* Project object */;
			proxyType = 1;
			remoteGlobalIDString = D9FA08712AB5A63B005EC223;
			remoteInfo = WeatherWear;
		};
/* End PBXContainerItemProxy section */

/* Begin PBXFileReference section */
		D920377E2AF3677800F94B6D /* AppColor.swift */ = {isa = PBXFileReference; lastKnownFileType = sourcecode.swift; path = AppColor.swift; sourceTree = "<group>"; };
		D92037822AF39C9B00F94B6D /* ImageCell.swift */ = {isa = PBXFileReference; lastKnownFileType = sourcecode.swift; path = ImageCell.swift; sourceTree = "<group>"; };
		D92037842AF39E1500F94B6D /* ImageCellViewModel.swift */ = {isa = PBXFileReference; lastKnownFileType = sourcecode.swift; path = ImageCellViewModel.swift; sourceTree = "<group>"; };
		D92037862AF3A09400F94B6D /* UserSetting.swift */ = {isa = PBXFileReference; lastKnownFileType = sourcecode.swift; path = UserSetting.swift; sourceTree = "<group>"; };
		D920378C2AF3A31100F94B6D /* WindSpeedUnit.swift */ = {isa = PBXFileReference; lastKnownFileType = sourcecode.swift; path = WindSpeedUnit.swift; sourceTree = "<group>"; };
		D920378E2AF3A39600F94B6D /* OperationMode.swift */ = {isa = PBXFileReference; lastKnownFileType = sourcecode.swift; path = OperationMode.swift; sourceTree = "<group>"; };
		D920379B2AF4F9FF00F94B6D /* AppFont.swift */ = {isa = PBXFileReference; lastKnownFileType = sourcecode.swift; path = AppFont.swift; sourceTree = "<group>"; };
		D925C26C2ACDF18200075D5D /* UIColor.swift */ = {isa = PBXFileReference; lastKnownFileType = sourcecode.swift; path = UIColor.swift; sourceTree = "<group>"; };
		D925C27B2ACF0C3200075D5D /* UIImage.swift */ = {isa = PBXFileReference; lastKnownFileType = sourcecode.swift; path = UIImage.swift; sourceTree = "<group>"; };
		D925C2882ACF2B8500075D5D /* String.swift */ = {isa = PBXFileReference; lastKnownFileType = sourcecode.swift; path = String.swift; sourceTree = "<group>"; };
		D92703E82B0CA3EA007CD605 /* LocalError.swift */ = {isa = PBXFileReference; lastKnownFileType = sourcecode.swift; path = LocalError.swift; sourceTree = "<group>"; };
		D92703EC2B0DDD8A007CD605 /* WeatherUnit.swift */ = {isa = PBXFileReference; lastKnownFileType = sourcecode.swift; path = WeatherUnit.swift; sourceTree = "<group>"; };
		D92703EE2B0DFF60007CD605 /* WeatherUnitCase.swift */ = {isa = PBXFileReference; lastKnownFileType = sourcecode.swift; path = WeatherUnitCase.swift; sourceTree = "<group>"; };
		D92703F42B0EB42E007CD605 /* FetchTodayWeatherUseCase.swift */ = {isa = PBXFileReference; lastKnownFileType = sourcecode.swift; path = FetchTodayWeatherUseCase.swift; sourceTree = "<group>"; };
		D92704022B0F28CE007CD605 /* FetchUserSettingUseCase.swift */ = {isa = PBXFileReference; lastKnownFileType = sourcecode.swift; path = FetchUserSettingUseCase.swift; sourceTree = "<group>"; };
		D92704042B0F2913007CD605 /* FetchUserSettingInteractor.swift */ = {isa = PBXFileReference; lastKnownFileType = sourcecode.swift; path = FetchUserSettingInteractor.swift; sourceTree = "<group>"; };
		D927040D2B0F37B0007CD605 /* AddUserLocationUseCase.swift */ = {isa = PBXFileReference; lastKnownFileType = sourcecode.swift; path = AddUserLocationUseCase.swift; sourceTree = "<group>"; };
		D927040F2B0F37E9007CD605 /* AddUserLocationInteractor.swift */ = {isa = PBXFileReference; lastKnownFileType = sourcecode.swift; path = AddUserLocationInteractor.swift; sourceTree = "<group>"; };
		D92929642AF0030F00D9EA9E /* DataSource.swift */ = {isa = PBXFileReference; lastKnownFileType = sourcecode.swift; path = DataSource.swift; sourceTree = "<group>"; };
		D92929672AF00EED00D9EA9E /* SpacingCell.swift */ = {isa = PBXFileReference; lastKnownFileType = sourcecode.swift; path = SpacingCell.swift; sourceTree = "<group>"; };
		D92929692AF0192300D9EA9E /* SpacingCellViewModel.swift */ = {isa = PBXFileReference; lastKnownFileType = sourcecode.swift; path = SpacingCellViewModel.swift; sourceTree = "<group>"; };
		D929296D2AF01BE900D9EA9E /* TextCell.swift */ = {isa = PBXFileReference; lastKnownFileType = sourcecode.swift; path = TextCell.swift; sourceTree = "<group>"; };
		D929296F2AF01CEE00D9EA9E /* TextCellViewModel.swift */ = {isa = PBXFileReference; lastKnownFileType = sourcecode.swift; path = TextCellViewModel.swift; sourceTree = "<group>"; };
		D92929712AF02BB600D9EA9E /* HomeViewReactor.swift */ = {isa = PBXFileReference; lastKnownFileType = sourcecode.swift; path = HomeViewReactor.swift; sourceTree = "<group>"; };
		D92CEAA92B3B54150085D522 /* UserDefaultsKeys.swift */ = {isa = PBXFileReference; lastKnownFileType = sourcecode.swift; path = UserDefaultsKeys.swift; sourceTree = "<group>"; };
		D92CEAAB2B3C309F0085D522 /* UserDefaults.swift */ = {isa = PBXFileReference; lastKnownFileType = sourcecode.swift; path = UserDefaults.swift; sourceTree = "<group>"; };
		D92CEAAD2B3C30D40085D522 /* UserTimes.swift */ = {isa = PBXFileReference; lastKnownFileType = sourcecode.swift; path = UserTimes.swift; sourceTree = "<group>"; };
		D92CEAAF2B3C30EB0085D522 /* UserUnits.swift */ = {isa = PBXFileReference; lastKnownFileType = sourcecode.swift; path = UserUnits.swift; sourceTree = "<group>"; };
		D92CEAB12B3C30FC0085D522 /* UserOptions.swift */ = {isa = PBXFileReference; lastKnownFileType = sourcecode.swift; path = UserOptions.swift; sourceTree = "<group>"; };
		D92CEAB32B3C38A30085D522 /* Single.swift */ = {isa = PBXFileReference; lastKnownFileType = sourcecode.swift; path = Single.swift; sourceTree = "<group>"; };
		D92CEAB92B3C55A90085D522 /* CharacterCellData.swift */ = {isa = PBXFileReference; lastKnownFileType = sourcecode.swift; path = CharacterCellData.swift; sourceTree = "<group>"; };
		D92CEABD2B4582C10085D522 /* Date.swift */ = {isa = PBXFileReference; lastKnownFileType = sourcecode.swift; path = Date.swift; sourceTree = "<group>"; };
		D92CEABF2B45A55D0085D522 /* BriefingCellData.swift */ = {isa = PBXFileReference; lastKnownFileType = sourcecode.swift; path = BriefingCellData.swift; sourceTree = "<group>"; };
		D92CEAC12B4600200085D522 /* ComfortIndexCellData.swift */ = {isa = PBXFileReference; lastKnownFileType = sourcecode.swift; path = ComfortIndexCellData.swift; sourceTree = "<group>"; };
		D92CEACB2B460B4A0085D522 /* UserSettingMapper.swift */ = {isa = PBXFileReference; fileEncoding = 4; lastKnownFileType = sourcecode.swift; path = UserSettingMapper.swift; sourceTree = "<group>"; };
		D92CEACE2B460B4A0085D522 /* WeatherGraphCellData.swift */ = {isa = PBXFileReference; fileEncoding = 4; lastKnownFileType = sourcecode.swift; path = WeatherGraphCellData.swift; sourceTree = "<group>"; };
		D92CEAD02B460B4A0085D522 /* DetailViewControllerModel.swift */ = {isa = PBXFileReference; fileEncoding = 4; lastKnownFileType = sourcecode.swift; path = DetailViewControllerModel.swift; sourceTree = "<group>"; };
		D92CEAD12B460B4A0085D522 /* HomeViewControllerModel.swift */ = {isa = PBXFileReference; fileEncoding = 4; lastKnownFileType = sourcecode.swift; path = HomeViewControllerModel.swift; sourceTree = "<group>"; };
		D92CEAD22B460B4A0085D522 /* SettingViewControllerModel.swift */ = {isa = PBXFileReference; fileEncoding = 4; lastKnownFileType = sourcecode.swift; path = SettingViewControllerModel.swift; sourceTree = "<group>"; };
		D92CEAD32B460B4A0085D522 /* UserLocationDisplayModel.swift */ = {isa = PBXFileReference; fileEncoding = 4; lastKnownFileType = sourcecode.swift; path = UserLocationDisplayModel.swift; sourceTree = "<group>"; };
		D92CEAD42B460B4A0085D522 /* ClimateFactorDisplayModel.swift */ = {isa = PBXFileReference; fileEncoding = 4; lastKnownFileType = sourcecode.swift; path = ClimateFactorDisplayModel.swift; sourceTree = "<group>"; };
		D92CEAD52B460B4A0085D522 /* LivingIndexDisplayModel.swift */ = {isa = PBXFileReference; fileEncoding = 4; lastKnownFileType = sourcecode.swift; path = LivingIndexDisplayModel.swift; sourceTree = "<group>"; };
		D92CEAD62B460B4A0085D522 /* AdviceDisplayModel.swift */ = {isa = PBXFileReference; fileEncoding = 4; lastKnownFileType = sourcecode.swift; path = AdviceDisplayModel.swift; sourceTree = "<group>"; };
		D92CEAD72B460B4A0085D522 /* OptionDisplayModel.swift */ = {isa = PBXFileReference; fileEncoding = 4; lastKnownFileType = sourcecode.swift; path = OptionDisplayModel.swift; sourceTree = "<group>"; };
		D92CEAD82B460B4A0085D522 /* IntensityModel.swift */ = {isa = PBXFileReference; fileEncoding = 4; lastKnownFileType = sourcecode.swift; path = IntensityModel.swift; sourceTree = "<group>"; };
		D92CEADB2B460B4A0085D522 /* FetchUserSettingOutputPort.swift */ = {isa = PBXFileReference; fileEncoding = 4; lastKnownFileType = sourcecode.swift; path = FetchUserSettingOutputPort.swift; sourceTree = "<group>"; };
		D92CEADC2B460B4A0085D522 /* UserSettingPresenter.swift */ = {isa = PBXFileReference; fileEncoding = 4; lastKnownFileType = sourcecode.swift; path = UserSettingPresenter.swift; sourceTree = "<group>"; };
		D92CEADE2B460B4A0085D522 /* TodayWeatherPresenter.swift */ = {isa = PBXFileReference; fileEncoding = 4; lastKnownFileType = sourcecode.swift; path = TodayWeatherPresenter.swift; sourceTree = "<group>"; };
		D92CEADF2B460B4A0085D522 /* FetchTodayWeatherOutputPort.swift */ = {isa = PBXFileReference; fileEncoding = 4; lastKnownFileType = sourcecode.swift; path = FetchTodayWeatherOutputPort.swift; sourceTree = "<group>"; };
		D92CEAE02B460B4A0085D522 /* HourlyWeatherPresenter.swift */ = {isa = PBXFileReference; fileEncoding = 4; lastKnownFileType = sourcecode.swift; path = HourlyWeatherPresenter.swift; sourceTree = "<group>"; };
		D92CEAE22B460B4A0085D522 /* TabBarItem.swift */ = {isa = PBXFileReference; fileEncoding = 4; lastKnownFileType = sourcecode.swift; path = TabBarItem.swift; sourceTree = "<group>"; };
		D92CEAE32B460B4A0085D522 /* TabBarController.swift */ = {isa = PBXFileReference; fileEncoding = 4; lastKnownFileType = sourcecode.swift; path = TabBarController.swift; sourceTree = "<group>"; };
		D92CEAE82B460B4A0085D522 /* WeatherGraphCellViewModel.swift */ = {isa = PBXFileReference; fileEncoding = 4; lastKnownFileType = sourcecode.swift; path = WeatherGraphCellViewModel.swift; sourceTree = "<group>"; };
		D92CEAEA2B460B4A0085D522 /* WeatherGraphCell.swift */ = {isa = PBXFileReference; fileEncoding = 4; lastKnownFileType = sourcecode.swift; path = WeatherGraphCell.swift; sourceTree = "<group>"; };
		D92CEAEC2B460B4A0085D522 /* DetailView.swift */ = {isa = PBXFileReference; fileEncoding = 4; lastKnownFileType = sourcecode.swift; path = DetailView.swift; sourceTree = "<group>"; };
		D92CEAED2B460B4A0085D522 /* DetailViewReactor.swift */ = {isa = PBXFileReference; fileEncoding = 4; lastKnownFileType = sourcecode.swift; path = DetailViewReactor.swift; sourceTree = "<group>"; };
		D92CEAEE2B460B4A0085D522 /* DetailViewController.swift */ = {isa = PBXFileReference; fileEncoding = 4; lastKnownFileType = sourcecode.swift; path = DetailViewController.swift; sourceTree = "<group>"; };
		D92CEAF22B460B4A0085D522 /* OptionCellViewModel.swift */ = {isa = PBXFileReference; fileEncoding = 4; lastKnownFileType = sourcecode.swift; path = OptionCellViewModel.swift; sourceTree = "<group>"; };
		D92CEAF32B460B4A0085D522 /* UserTimeCellViewModel.swift */ = {isa = PBXFileReference; fileEncoding = 4; lastKnownFileType = sourcecode.swift; path = UserTimeCellViewModel.swift; sourceTree = "<group>"; };
		D92CEAF42B460B4A0085D522 /* LocationCellViewModel.swift */ = {isa = PBXFileReference; fileEncoding = 4; lastKnownFileType = sourcecode.swift; path = LocationCellViewModel.swift; sourceTree = "<group>"; };
		D92CEAF52B460B4A0085D522 /* TextPlusButtonViewModel.swift */ = {isa = PBXFileReference; fileEncoding = 4; lastKnownFileType = sourcecode.swift; path = TextPlusButtonViewModel.swift; sourceTree = "<group>"; };
		D92CEAF72B460B4A0085D522 /* OptionCell.swift */ = {isa = PBXFileReference; fileEncoding = 4; lastKnownFileType = sourcecode.swift; path = OptionCell.swift; sourceTree = "<group>"; };
		D92CEAF82B460B4A0085D522 /* TextPlusButtonCell.swift */ = {isa = PBXFileReference; fileEncoding = 4; lastKnownFileType = sourcecode.swift; path = TextPlusButtonCell.swift; sourceTree = "<group>"; };
		D92CEAF92B460B4A0085D522 /* LocationCell.swift */ = {isa = PBXFileReference; fileEncoding = 4; lastKnownFileType = sourcecode.swift; path = LocationCell.swift; sourceTree = "<group>"; };
		D92CEAFA2B460B4A0085D522 /* UserTimeCell.swift */ = {isa = PBXFileReference; fileEncoding = 4; lastKnownFileType = sourcecode.swift; path = UserTimeCell.swift; sourceTree = "<group>"; };
		D92CEAFC2B460B4A0085D522 /* SettingViewController.swift */ = {isa = PBXFileReference; fileEncoding = 4; lastKnownFileType = sourcecode.swift; path = SettingViewController.swift; sourceTree = "<group>"; };
		D92CEAFD2B460B4A0085D522 /* SettingViewReactor.swift */ = {isa = PBXFileReference; fileEncoding = 4; lastKnownFileType = sourcecode.swift; path = SettingViewReactor.swift; sourceTree = "<group>"; };
		D92CEAFE2B460B4A0085D522 /* SettingView.swift */ = {isa = PBXFileReference; fileEncoding = 4; lastKnownFileType = sourcecode.swift; path = SettingView.swift; sourceTree = "<group>"; };
		D9345A612AE62F1F004B42C8 /* CircleView.swift */ = {isa = PBXFileReference; fileEncoding = 4; lastKnownFileType = sourcecode.swift; path = CircleView.swift; sourceTree = "<group>"; };
		D93600E52B50AFEA0094376E /* Section.swift */ = {isa = PBXFileReference; lastKnownFileType = sourcecode.swift; path = Section.swift; sourceTree = "<group>"; };
		D93600E72B50E3EB0094376E /* ViewModelBuilder.swift */ = {isa = PBXFileReference; lastKnownFileType = sourcecode.swift; path = ViewModelBuilder.swift; sourceTree = "<group>"; };
		D93600EB2B55EDC70094376E /* Delegate.swift */ = {isa = PBXFileReference; lastKnownFileType = sourcecode.swift; path = Delegate.swift; sourceTree = "<group>"; };
		D93600EF2B58E43B0094376E /* Bindable.swift */ = {isa = PBXFileReference; lastKnownFileType = sourcecode.swift; path = Bindable.swift; sourceTree = "<group>"; };
		D93600F12B58E8620094376E /* CellData.swift */ = {isa = PBXFileReference; lastKnownFileType = sourcecode.swift; path = CellData.swift; sourceTree = "<group>"; };
		D93600F32B5979500094376E /* AnimatedRefreshControl.swift */ = {isa = PBXFileReference; lastKnownFileType = sourcecode.swift; path = AnimatedRefreshControl.swift; sourceTree = "<group>"; };
		D93600F82B5A1ED20094376E /* loading.json */ = {isa = PBXFileReference; fileEncoding = 4; lastKnownFileType = text.json; path = loading.json; sourceTree = "<group>"; };
		D93600FB2B6110460094376E /* HomeCollectionViewFlowLayout.swift */ = {isa = PBXFileReference; lastKnownFileType = sourcecode.swift; path = HomeCollectionViewFlowLayout.swift; sourceTree = "<group>"; };
		D93600FD2B626C440094376E /* GraphType.swift */ = {isa = PBXFileReference; lastKnownFileType = sourcecode.swift; path = GraphType.swift; sourceTree = "<group>"; };
		D93D369C2AFE260D00864BA5 /* LocationService.swift */ = {isa = PBXFileReference; lastKnownFileType = sourcecode.swift; path = LocationService.swift; sourceTree = "<group>"; };
		D93D36A12AFE3D8E00864BA5 /* WeatherWear.entitlements */ = {isa = PBXFileReference; lastKnownFileType = text.plist.entitlements; path = WeatherWear.entitlements; sourceTree = "<group>"; };
		D93D36A32AFEE91300864BA5 /* WeatherRepositoryType.swift */ = {isa = PBXFileReference; lastKnownFileType = sourcecode.swift; path = WeatherRepositoryType.swift; sourceTree = "<group>"; };
		D93D36A52AFEE93C00864BA5 /* MockWeatherRepository.swift */ = {isa = PBXFileReference; lastKnownFileType = sourcecode.swift; path = MockWeatherRepository.swift; sourceTree = "<group>"; };
		D94498132B2C518400354E7A /* Sequence.swift */ = {isa = PBXFileReference; lastKnownFileType = sourcecode.swift; path = Sequence.swift; sourceTree = "<group>"; };
		D95E567E2AF7FF18003E92A9 /* Intensity.swift */ = {isa = PBXFileReference; lastKnownFileType = sourcecode.swift; path = Intensity.swift; sourceTree = "<group>"; };
		D95E568E2AF81C1E003E92A9 /* SectionBuilder.swift */ = {isa = PBXFileReference; lastKnownFileType = sourcecode.swift; path = SectionBuilder.swift; sourceTree = "<group>"; };
		D95E56942AF8D727003E92A9 /* Touchable.swift */ = {isa = PBXFileReference; lastKnownFileType = sourcecode.swift; path = Touchable.swift; sourceTree = "<group>"; };
		D95E56962AF8D754003E92A9 /* ContainsButton.swift */ = {isa = PBXFileReference; lastKnownFileType = sourcecode.swift; path = ContainsButton.swift; sourceTree = "<group>"; };
		D95E56982AF8D780003E92A9 /* ContainsSegment.swift */ = {isa = PBXFileReference; lastKnownFileType = sourcecode.swift; path = ContainsSegment.swift; sourceTree = "<group>"; };
		D95E569A2AF9A59D003E92A9 /* BaseCell.swift */ = {isa = PBXFileReference; lastKnownFileType = sourcecode.swift; path = BaseCell.swift; sourceTree = "<group>"; };
		D95E56A92AFA3394003E92A9 /* Time.swift */ = {isa = PBXFileReference; lastKnownFileType = sourcecode.swift; path = Time.swift; sourceTree = "<group>"; };
		D95E93F62B0700AA00ADFFE7 /* Array.swift */ = {isa = PBXFileReference; lastKnownFileType = sourcecode.swift; path = Array.swift; sourceTree = "<group>"; };
		D95E93F82B08020C00ADFFE7 /* CollectionViewAdapter+Rx.swift */ = {isa = PBXFileReference; lastKnownFileType = sourcecode.swift; path = "CollectionViewAdapter+Rx.swift"; sourceTree = "<group>"; };
		D95E93FA2B081F7000ADFFE7 /* UIViewController+Rx.swift */ = {isa = PBXFileReference; lastKnownFileType = sourcecode.swift; path = "UIViewController+Rx.swift"; sourceTree = "<group>"; };
		D95E94012B091D9500ADFFE7 /* WeatherMapper.swift */ = {isa = PBXFileReference; lastKnownFileType = sourcecode.swift; path = WeatherMapper.swift; sourceTree = "<group>"; };
		D95E94032B09214500ADFFE7 /* TemperatureName.swift */ = {isa = PBXFileReference; lastKnownFileType = sourcecode.swift; path = TemperatureName.swift; sourceTree = "<group>"; };
		D95E940D2B092BD800ADFFE7 /* FetchTodayWeatherInteractor.swift */ = {isa = PBXFileReference; lastKnownFileType = sourcecode.swift; path = FetchTodayWeatherInteractor.swift; sourceTree = "<group>"; };
		D95E941B2B09817600ADFFE7 /* AdviceCategory.swift */ = {isa = PBXFileReference; lastKnownFileType = sourcecode.swift; path = AdviceCategory.swift; sourceTree = "<group>"; };
		D95E94272B09B90800ADFFE7 /* ViewController.swift */ = {isa = PBXFileReference; lastKnownFileType = sourcecode.swift; path = ViewController.swift; sourceTree = "<group>"; };
		D95E94292B0AF02C00ADFFE7 /* Location.swift */ = {isa = PBXFileReference; lastKnownFileType = sourcecode.swift; path = Location.swift; sourceTree = "<group>"; };
		D95E942B2B0B02FD00ADFFE7 /* UserDefaultsService.swift */ = {isa = PBXFileReference; lastKnownFileType = sourcecode.swift; path = UserDefaultsService.swift; sourceTree = "<group>"; };
		D95E942D2B0B0A3D00ADFFE7 /* UserSettingRepositoryType.swift */ = {isa = PBXFileReference; lastKnownFileType = sourcecode.swift; path = UserSettingRepositoryType.swift; sourceTree = "<group>"; };
		D95E942F2B0B0A5600ADFFE7 /* MockUserSettingRepository.swift */ = {isa = PBXFileReference; lastKnownFileType = sourcecode.swift; path = MockUserSettingRepository.swift; sourceTree = "<group>"; };
		D95E94332B0B11E800ADFFE7 /* WeatherKitService.swift */ = {isa = PBXFileReference; lastKnownFileType = sourcecode.swift; path = WeatherKitService.swift; sourceTree = "<group>"; };
		D95E94372B0B2CB900ADFFE7 /* WeatherState.swift */ = {isa = PBXFileReference; lastKnownFileType = sourcecode.swift; path = WeatherState.swift; sourceTree = "<group>"; };
		D9649F812B68062500E990E2 /* PathMaker.swift */ = {isa = PBXFileReference; lastKnownFileType = sourcecode.swift; path = PathMaker.swift; sourceTree = "<group>"; };
		D9649F832B68F09F00E990E2 /* TimeLineView.swift */ = {isa = PBXFileReference; lastKnownFileType = sourcecode.swift; path = TimeLineView.swift; sourceTree = "<group>"; };
		D9649F852B68F0C300E990E2 /* RainFallView.swift */ = {isa = PBXFileReference; lastKnownFileType = sourcecode.swift; path = RainFallView.swift; sourceTree = "<group>"; };
		D9649F8B2B6B8ABD00E990E2 /* CALayer.swift */ = {isa = PBXFileReference; lastKnownFileType = sourcecode.swift; path = CALayer.swift; sourceTree = "<group>"; };
		D9649F8D2B6B931200E990E2 /* CAShapeLayer.swift */ = {isa = PBXFileReference; lastKnownFileType = sourcecode.swift; path = CAShapeLayer.swift; sourceTree = "<group>"; };
		D965EE902ADD1E0200426096 /* CharacterCell.swift */ = {isa = PBXFileReference; fileEncoding = 4; lastKnownFileType = sourcecode.swift; path = CharacterCell.swift; sourceTree = "<group>"; };
		D965EE912ADD1E0200426096 /* HomeView.swift */ = {isa = PBXFileReference; fileEncoding = 4; lastKnownFileType = sourcecode.swift; path = HomeView.swift; sourceTree = "<group>"; };
		D965EE932ADD1E0200426096 /* ComfortIndexCell.swift */ = {isa = PBXFileReference; fileEncoding = 4; lastKnownFileType = sourcecode.swift; path = ComfortIndexCell.swift; sourceTree = "<group>"; };
		D965EE962ADD1E0200426096 /* BriefingCell.swift */ = {isa = PBXFileReference; fileEncoding = 4; lastKnownFileType = sourcecode.swift; path = BriefingCell.swift; sourceTree = "<group>"; };
		D965EE992ADD1E0200426096 /* HomeViewController.swift */ = {isa = PBXFileReference; fileEncoding = 4; lastKnownFileType = sourcecode.swift; path = HomeViewController.swift; sourceTree = "<group>"; };
		D965EEBD2ADD1E0F00426096 /* LocationInformation.swift */ = {isa = PBXFileReference; fileEncoding = 4; lastKnownFileType = sourcecode.swift; path = LocationInformation.swift; sourceTree = "<group>"; };
		D965EEC12ADD1E0F00426096 /* Weather.swift */ = {isa = PBXFileReference; fileEncoding = 4; lastKnownFileType = sourcecode.swift; path = Weather.swift; sourceTree = "<group>"; };
		D965EEC42ADD1E0F00426096 /* UserSettingRepository.swift */ = {isa = PBXFileReference; fileEncoding = 4; lastKnownFileType = sourcecode.swift; path = UserSettingRepository.swift; sourceTree = "<group>"; };
		D965EEC52ADD1E0F00426096 /* WeatherRepository.swift */ = {isa = PBXFileReference; fileEncoding = 4; lastKnownFileType = sourcecode.swift; path = WeatherRepository.swift; sourceTree = "<group>"; };
		D965EEC62ADD1E0F00426096 /* RepositoryProvider.swift */ = {isa = PBXFileReference; fileEncoding = 4; lastKnownFileType = sourcecode.swift; path = RepositoryProvider.swift; sourceTree = "<group>"; };
		D969FD402AEF8A9400BCFF11 /* ComfortIndexCellViewModel.swift */ = {isa = PBXFileReference; fileEncoding = 4; lastKnownFileType = sourcecode.swift; path = ComfortIndexCellViewModel.swift; sourceTree = "<group>"; };
		D969FD422AEF8A9400BCFF11 /* CharacterCellViewModel.swift */ = {isa = PBXFileReference; fileEncoding = 4; lastKnownFileType = sourcecode.swift; path = CharacterCellViewModel.swift; sourceTree = "<group>"; };
		D969FD432AEF8A9400BCFF11 /* BriefingCellViewModel.swift */ = {isa = PBXFileReference; fileEncoding = 4; lastKnownFileType = sourcecode.swift; path = BriefingCellViewModel.swift; sourceTree = "<group>"; };
		D969FD4F2AEF8AB600BCFF11 /* ViewModel.swift */ = {isa = PBXFileReference; fileEncoding = 4; lastKnownFileType = sourcecode.swift; path = ViewModel.swift; sourceTree = "<group>"; };
		D969FD6A2AEF960E00BCFF11 /* Adapter.swift */ = {isa = PBXFileReference; fileEncoding = 4; lastKnownFileType = sourcecode.swift; path = Adapter.swift; sourceTree = "<group>"; };
		D9FA08722AB5A63B005EC223 /* WeatherWear.app */ = {isa = PBXFileReference; explicitFileType = wrapper.application; includeInIndex = 0; path = WeatherWear.app; sourceTree = BUILT_PRODUCTS_DIR; };
		D9FA08752AB5A63B005EC223 /* AppDelegate.swift */ = {isa = PBXFileReference; lastKnownFileType = sourcecode.swift; path = AppDelegate.swift; sourceTree = "<group>"; };
		D9FA08772AB5A63B005EC223 /* SceneDelegate.swift */ = {isa = PBXFileReference; lastKnownFileType = sourcecode.swift; path = SceneDelegate.swift; sourceTree = "<group>"; };
		D9FA087E2AB5A63D005EC223 /* Assets.xcassets */ = {isa = PBXFileReference; lastKnownFileType = folder.assetcatalog; path = Assets.xcassets; sourceTree = "<group>"; };
		D9FA08812AB5A63D005EC223 /* Base */ = {isa = PBXFileReference; lastKnownFileType = file.storyboard; name = Base; path = Base.lproj/LaunchScreen.storyboard; sourceTree = "<group>"; };
		D9FA08832AB5A63D005EC223 /* Info.plist */ = {isa = PBXFileReference; lastKnownFileType = text.plist.xml; path = Info.plist; sourceTree = "<group>"; };
		D9FA08882AB5A63D005EC223 /* WeatherWearTests.xctest */ = {isa = PBXFileReference; explicitFileType = wrapper.cfbundle; includeInIndex = 0; path = WeatherWearTests.xctest; sourceTree = BUILT_PRODUCTS_DIR; };
		D9FA088C2AB5A63D005EC223 /* WeatherWearTests.swift */ = {isa = PBXFileReference; lastKnownFileType = sourcecode.swift; path = WeatherWearTests.swift; sourceTree = "<group>"; };
		D9FA08922AB5A63D005EC223 /* WeatherWearUITests.xctest */ = {isa = PBXFileReference; explicitFileType = wrapper.cfbundle; includeInIndex = 0; path = WeatherWearUITests.xctest; sourceTree = BUILT_PRODUCTS_DIR; };
		D9FA08962AB5A63D005EC223 /* WeatherWearUITests.swift */ = {isa = PBXFileReference; lastKnownFileType = sourcecode.swift; path = WeatherWearUITests.swift; sourceTree = "<group>"; };
		D9FA08982AB5A63D005EC223 /* WeatherWearUITestsLaunchTests.swift */ = {isa = PBXFileReference; lastKnownFileType = sourcecode.swift; path = WeatherWearUITestsLaunchTests.swift; sourceTree = "<group>"; };
		D9FA08BC2AB5B96A005EC223 /* BaseViewController.swift */ = {isa = PBXFileReference; fileEncoding = 4; lastKnownFileType = sourcecode.swift; path = BaseViewController.swift; sourceTree = "<group>"; };
/* End PBXFileReference section */

/* Begin PBXFrameworksBuildPhase section */
		D9FA086F2AB5A63B005EC223 /* Frameworks */ = {
			isa = PBXFrameworksBuildPhase;
			buildActionMask = 2147483647;
			files = (
				D9FA08AB2AB5A6CD005EC223 /* RxSwift in Frameworks */,
				D9FA08D22ABCF7FC005EC223 /* Then in Frameworks */,
				D9FA08AE2AB5A6E4005EC223 /* SnapKit in Frameworks */,
				D9FA08A92AB5A6CD005EC223 /* RxRelay in Frameworks */,
				D9FA08B12AB5A6F6005EC223 /* ReactorKit in Frameworks */,
				D9FA08A72AB5A6CD005EC223 /* RxCocoa in Frameworks */,
				D95E569E2AFA023D003E92A9 /* RxGesture in Frameworks */,
				D93600F72B5979A90094376E /* Lottie in Frameworks */,
			);
			runOnlyForDeploymentPostprocessing = 0;
		};
		D9FA08852AB5A63D005EC223 /* Frameworks */ = {
			isa = PBXFrameworksBuildPhase;
			buildActionMask = 2147483647;
			files = (
			);
			runOnlyForDeploymentPostprocessing = 0;
		};
		D9FA088F2AB5A63D005EC223 /* Frameworks */ = {
			isa = PBXFrameworksBuildPhase;
			buildActionMask = 2147483647;
			files = (
			);
			runOnlyForDeploymentPostprocessing = 0;
		};
/* End PBXFrameworksBuildPhase section */

/* Begin PBXGroup section */
		D92037902AF45C3E00F94B6D /* ImageCell */ = {
			isa = PBXGroup;
			children = (
				D92037822AF39C9B00F94B6D /* ImageCell.swift */,
				D92037842AF39E1500F94B6D /* ImageCellViewModel.swift */,
			);
			path = ImageCell;
			sourceTree = "<group>";
		};
		D92037932AF4D4C400F94B6D /* Cell */ = {
			isa = PBXGroup;
			children = (
				D9649F882B68F15E00E990E2 /* CharacterCell  */,
				D9649F892B68F16800E990E2 /* BriefingCell */,
				D9649F8A2B68F17100E990E2 /* ComfortIndexCell */,
				D9649F872B68F14300E990E2 /* WeatherGraphCell */,
			);
			path = Cell;
			sourceTree = "<group>";
		};
		D92037A92AF56E7E00F94B6D /* Cell */ = {
			isa = PBXGroup;
			children = (
				D92037902AF45C3E00F94B6D /* ImageCell */,
				D929296C2AF01BE000D9EA9E /* TextCell */,
				D929296B2AF01BD400D9EA9E /* SpacingCell */,
			);
			path = Cell;
			sourceTree = "<group>";
		};
		D92037AA2AF56E8600F94B6D /* View */ = {
			isa = PBXGroup;
			children = (
				D93600FA2B5A78260094376E /* AnimatedRefreshControl */,
				D92037AB2AF56E8F00F94B6D /* CircleView */,
			);
			path = View;
			sourceTree = "<group>";
		};
		D92037AB2AF56E8F00F94B6D /* CircleView */ = {
			isa = PBXGroup;
			children = (
				D9345A612AE62F1F004B42C8 /* CircleView.swift */,
			);
			path = CircleView;
			sourceTree = "<group>";
		};
		D925C26B2ACDF17400075D5D /* Utility */ = {
			isa = PBXGroup;
			children = (
				D92929662AF00DF300D9EA9E /* Base */,
				D95E93F52B07009600ADFFE7 /* Extension */,
			);
			path = Utility;
			sourceTree = "<group>";
		};
		D92703E72B0CA3C3007CD605 /* Error */ = {
			isa = PBXGroup;
			children = (
				D92703E82B0CA3EA007CD605 /* LocalError.swift */,
			);
			path = Error;
			sourceTree = "<group>";
		};
		D92703F62B0EEFBC007CD605 /* FetchTodayWeather */ = {
			isa = PBXGroup;
			children = (
				D92703F42B0EB42E007CD605 /* FetchTodayWeatherUseCase.swift */,
				D95E940D2B092BD800ADFFE7 /* FetchTodayWeatherInteractor.swift */,
			);
			name = FetchTodayWeather;
			sourceTree = "<group>";
		};
		D92704012B0F289F007CD605 /* FetchUserSetting */ = {
			isa = PBXGroup;
			children = (
				D92704022B0F28CE007CD605 /* FetchUserSettingUseCase.swift */,
				D92704042B0F2913007CD605 /* FetchUserSettingInteractor.swift */,
			);
			name = FetchUserSetting;
			sourceTree = "<group>";
		};
		D927040C2B0F3770007CD605 /* AddUserLocation */ = {
			isa = PBXGroup;
			children = (
				D927040D2B0F37B0007CD605 /* AddUserLocationUseCase.swift */,
				D927040F2B0F37E9007CD605 /* AddUserLocationInteractor.swift */,
			);
			name = AddUserLocation;
			sourceTree = "<group>";
		};
		D92929662AF00DF300D9EA9E /* Base */ = {
			isa = PBXGroup;
			children = (
				D95E56932AF8D712003E92A9 /* Cell */,
				D95E56922AF8D6BD003E92A9 /* ViewBuilder */,
				D95E56912AF8D6AB003E92A9 /* Color+Font */,
				D969FD4F2AEF8AB600BCFF11 /* ViewModel.swift */,
				D93600E52B50AFEA0094376E /* Section.swift */,
				D969FD6A2AEF960E00BCFF11 /* Adapter.swift */,
				D92929642AF0030F00D9EA9E /* DataSource.swift */,
				D93600EB2B55EDC70094376E /* Delegate.swift */,
				D9FA08BC2AB5B96A005EC223 /* BaseViewController.swift */,
			);
			path = Base;
			sourceTree = "<group>";
		};
		D929296B2AF01BD400D9EA9E /* SpacingCell */ = {
			isa = PBXGroup;
			children = (
				D92929672AF00EED00D9EA9E /* SpacingCell.swift */,
				D92929692AF0192300D9EA9E /* SpacingCellViewModel.swift */,
			);
			path = SpacingCell;
			sourceTree = "<group>";
		};
		D929296C2AF01BE000D9EA9E /* TextCell */ = {
			isa = PBXGroup;
			children = (
				D929296D2AF01BE900D9EA9E /* TextCell.swift */,
				D929296F2AF01CEE00D9EA9E /* TextCellViewModel.swift */,
			);
			path = TextCell;
			sourceTree = "<group>";
		};
		D92CEAB82B3C55740085D522 /* Data */ = {
			isa = PBXGroup;
			children = (
				D92CEAB92B3C55A90085D522 /* CharacterCellData.swift */,
				D92CEABF2B45A55D0085D522 /* BriefingCellData.swift */,
				D92CEAC12B4600200085D522 /* ComfortIndexCellData.swift */,
				D92CEACE2B460B4A0085D522 /* WeatherGraphCellData.swift */,
			);
			path = Data;
			sourceTree = "<group>";
		};
		D92CEAC82B460B4A0085D522 /* Deprecated */ = {
			isa = PBXGroup;
			children = (
				D92CEB352B4767630085D522 /* Networking */,
				D92CEB242B46EDB00085D522 /* Utility */,
				D92CEB212B460B550085D522 /* Domain */,
				D92CEAC92B460B4A0085D522 /* DataSource */,
				D92CEACC2B460B4A0085D522 /* Presentation */,
			);
			path = Deprecated;
			sourceTree = "<group>";
		};
		D92CEAC92B460B4A0085D522 /* DataSource */ = {
			isa = PBXGroup;
			children = (
				D92CEB232B46EC180085D522 /* Repository */,
				D92CEACA2B460B4A0085D522 /* Mapper */,
			);
			path = DataSource;
			sourceTree = "<group>";
		};
		D92CEACA2B460B4A0085D522 /* Mapper */ = {
			isa = PBXGroup;
			children = (
				D92CEACB2B460B4A0085D522 /* UserSettingMapper.swift */,
			);
			path = Mapper;
			sourceTree = "<group>";
		};
		D92CEACC2B460B4A0085D522 /* Presentation */ = {
			isa = PBXGroup;
			children = (
				D92CEACD2B460B4A0085D522 /* DisplayModel */,
				D92CEAD92B460B4A0085D522 /* Presenter */,
				D92CEAE12B460B4A0085D522 /* TabBar */,
				D92CEAE42B460B4A0085D522 /* Pages */,
			);
			path = Presentation;
			sourceTree = "<group>";
		};
		D92CEACD2B460B4A0085D522 /* DisplayModel */ = {
			isa = PBXGroup;
			children = (
				D92CEACF2B460B4A0085D522 /* ViewControllerModel */,
				D92CEAD32B460B4A0085D522 /* UserLocationDisplayModel.swift */,
				D92CEAD42B460B4A0085D522 /* ClimateFactorDisplayModel.swift */,
				D92CEAD52B460B4A0085D522 /* LivingIndexDisplayModel.swift */,
				D92CEAD62B460B4A0085D522 /* AdviceDisplayModel.swift */,
				D92CEAD72B460B4A0085D522 /* OptionDisplayModel.swift */,
				D92CEAD82B460B4A0085D522 /* IntensityModel.swift */,
			);
			path = DisplayModel;
			sourceTree = "<group>";
		};
		D92CEACF2B460B4A0085D522 /* ViewControllerModel */ = {
			isa = PBXGroup;
			children = (
				D92CEAD02B460B4A0085D522 /* DetailViewControllerModel.swift */,
				D92CEAD12B460B4A0085D522 /* HomeViewControllerModel.swift */,
				D92CEAD22B460B4A0085D522 /* SettingViewControllerModel.swift */,
			);
			path = ViewControllerModel;
			sourceTree = "<group>";
		};
		D92CEAD92B460B4A0085D522 /* Presenter */ = {
			isa = PBXGroup;
			children = (
				D92CEADA2B460B4A0085D522 /* FetchUserSettingOutput */,
				D92CEADD2B460B4A0085D522 /* FetchTodayWeatherOutput */,
			);
			path = Presenter;
			sourceTree = "<group>";
		};
		D92CEADA2B460B4A0085D522 /* FetchUserSettingOutput */ = {
			isa = PBXGroup;
			children = (
				D92CEADB2B460B4A0085D522 /* FetchUserSettingOutputPort.swift */,
				D92CEADC2B460B4A0085D522 /* UserSettingPresenter.swift */,
			);
			path = FetchUserSettingOutput;
			sourceTree = "<group>";
		};
		D92CEADD2B460B4A0085D522 /* FetchTodayWeatherOutput */ = {
			isa = PBXGroup;
			children = (
				D92CEADE2B460B4A0085D522 /* TodayWeatherPresenter.swift */,
				D92CEADF2B460B4A0085D522 /* FetchTodayWeatherOutputPort.swift */,
				D92CEAE02B460B4A0085D522 /* HourlyWeatherPresenter.swift */,
			);
			path = FetchTodayWeatherOutput;
			sourceTree = "<group>";
		};
		D92CEAE12B460B4A0085D522 /* TabBar */ = {
			isa = PBXGroup;
			children = (
				D92CEAE22B460B4A0085D522 /* TabBarItem.swift */,
				D92CEAE32B460B4A0085D522 /* TabBarController.swift */,
			);
			path = TabBar;
			sourceTree = "<group>";
		};
		D92CEAE42B460B4A0085D522 /* Pages */ = {
			isa = PBXGroup;
			children = (
				D92CEAE52B460B4A0085D522 /* Detail */,
				D92CEAEF2B460B4A0085D522 /* Setting */,
			);
			path = Pages;
			sourceTree = "<group>";
		};
		D92CEAE52B460B4A0085D522 /* Detail */ = {
			isa = PBXGroup;
			children = (
				D92CEAE62B460B4A0085D522 /* View */,
				D92CEAEB2B460B4A0085D522 /* ViewController */,
			);
			path = Detail;
			sourceTree = "<group>";
		};
		D92CEAE62B460B4A0085D522 /* View */ = {
			isa = PBXGroup;
			children = (
				D92CEAE72B460B4A0085D522 /* ViewModel */,
				D92CEAE92B460B4A0085D522 /* Cell */,
			);
			path = View;
			sourceTree = "<group>";
		};
		D92CEAE72B460B4A0085D522 /* ViewModel */ = {
			isa = PBXGroup;
			children = (
			);
			path = ViewModel;
			sourceTree = "<group>";
		};
		D92CEAE92B460B4A0085D522 /* Cell */ = {
			isa = PBXGroup;
			children = (
			);
			path = Cell;
			sourceTree = "<group>";
		};
		D92CEAEB2B460B4A0085D522 /* ViewController */ = {
			isa = PBXGroup;
			children = (
				D92CEAEC2B460B4A0085D522 /* DetailView.swift */,
				D92CEAED2B460B4A0085D522 /* DetailViewReactor.swift */,
				D92CEAEE2B460B4A0085D522 /* DetailViewController.swift */,
			);
			path = ViewController;
			sourceTree = "<group>";
		};
		D92CEAEF2B460B4A0085D522 /* Setting */ = {
			isa = PBXGroup;
			children = (
				D92CEAF02B460B4A0085D522 /* View */,
				D92CEAFB2B460B4A0085D522 /* ViewController */,
			);
			path = Setting;
			sourceTree = "<group>";
		};
		D92CEAF02B460B4A0085D522 /* View */ = {
			isa = PBXGroup;
			children = (
				D92CEAF12B460B4A0085D522 /* ViewModel */,
				D92CEAF62B460B4A0085D522 /* Cell */,
			);
			path = View;
			sourceTree = "<group>";
		};
		D92CEAF12B460B4A0085D522 /* ViewModel */ = {
			isa = PBXGroup;
			children = (
				D92CEAF22B460B4A0085D522 /* OptionCellViewModel.swift */,
				D92CEAF32B460B4A0085D522 /* UserTimeCellViewModel.swift */,
				D92CEAF42B460B4A0085D522 /* LocationCellViewModel.swift */,
				D92CEAF52B460B4A0085D522 /* TextPlusButtonViewModel.swift */,
			);
			path = ViewModel;
			sourceTree = "<group>";
		};
		D92CEAF62B460B4A0085D522 /* Cell */ = {
			isa = PBXGroup;
			children = (
				D92CEAF72B460B4A0085D522 /* OptionCell.swift */,
				D92CEAF82B460B4A0085D522 /* TextPlusButtonCell.swift */,
				D92CEAF92B460B4A0085D522 /* LocationCell.swift */,
				D92CEAFA2B460B4A0085D522 /* UserTimeCell.swift */,
			);
			path = Cell;
			sourceTree = "<group>";
		};
		D92CEAFB2B460B4A0085D522 /* ViewController */ = {
			isa = PBXGroup;
			children = (
				D92CEAFC2B460B4A0085D522 /* SettingViewController.swift */,
				D92CEAFD2B460B4A0085D522 /* SettingViewReactor.swift */,
				D92CEAFE2B460B4A0085D522 /* SettingView.swift */,
			);
			path = ViewController;
			sourceTree = "<group>";
		};
		D92CEB212B460B550085D522 /* Domain */ = {
			isa = PBXGroup;
			children = (
				D92CEB342B475A7D0085D522 /* Entity */,
				D95E94052B09279B00ADFFE7 /* UseCase */,
			);
			path = Domain;
			sourceTree = "<group>";
		};
		D92CEB232B46EC180085D522 /* Repository */ = {
			isa = PBXGroup;
			children = (
				D95E93FE2B091A6000ADFFE7 /* UserSetting */,
			);
			path = Repository;
			sourceTree = "<group>";
		};
		D92CEB242B46EDB00085D522 /* Utility */ = {
			isa = PBXGroup;
			children = (
				D92CEB252B46EDB80085D522 /* Extension */,
			);
			path = Utility;
			sourceTree = "<group>";
		};
		D92CEB252B46EDB80085D522 /* Extension */ = {
			isa = PBXGroup;
			children = (
				D92CEAAB2B3C309F0085D522 /* UserDefaults.swift */,
			);
			path = Extension;
			sourceTree = "<group>";
		};
		D92CEB342B475A7D0085D522 /* Entity */ = {
			isa = PBXGroup;
			children = (
				D95E94032B09214500ADFFE7 /* TemperatureName.swift */,
				D95E941B2B09817600ADFFE7 /* AdviceCategory.swift */,
				D92037862AF3A09400F94B6D /* UserSetting.swift */,
				D965EEBD2ADD1E0F00426096 /* LocationInformation.swift */,
				D95E56A92AFA3394003E92A9 /* Time.swift */,
				D920378C2AF3A31100F94B6D /* WindSpeedUnit.swift */,
				D920378E2AF3A39600F94B6D /* OperationMode.swift */,
			);
			path = Entity;
			sourceTree = "<group>";
		};
		D92CEB352B4767630085D522 /* Networking */ = {
			isa = PBXGroup;
			children = (
				D92CEB362B47676E0085D522 /* Service */,
			);
			path = Networking;
			sourceTree = "<group>";
		};
		D92CEB362B47676E0085D522 /* Service */ = {
			isa = PBXGroup;
			children = (
				D95E942B2B0B02FD00ADFFE7 /* UserDefaultsService.swift */,
			);
			path = Service;
			sourceTree = "<group>";
		};
		D93600FA2B5A78260094376E /* AnimatedRefreshControl */ = {
			isa = PBXGroup;
			children = (
				D93600F32B5979500094376E /* AnimatedRefreshControl.swift */,
			);
			path = AnimatedRefreshControl;
			sourceTree = "<group>";
		};
		D95E56912AF8D6AB003E92A9 /* Color+Font */ = {
			isa = PBXGroup;
			children = (
				D920377E2AF3677800F94B6D /* AppColor.swift */,
				D920379B2AF4F9FF00F94B6D /* AppFont.swift */,
			);
			path = "Color+Font";
			sourceTree = "<group>";
		};
		D95E56922AF8D6BD003E92A9 /* ViewBuilder */ = {
			isa = PBXGroup;
			children = (
				D95E568E2AF81C1E003E92A9 /* SectionBuilder.swift */,
				D93600E72B50E3EB0094376E /* ViewModelBuilder.swift */,
			);
			path = ViewBuilder;
			sourceTree = "<group>";
		};
		D95E56932AF8D712003E92A9 /* Cell */ = {
			isa = PBXGroup;
			children = (
				D95E56942AF8D727003E92A9 /* Touchable.swift */,
				D95E56962AF8D754003E92A9 /* ContainsButton.swift */,
				D95E56982AF8D780003E92A9 /* ContainsSegment.swift */,
				D95E569A2AF9A59D003E92A9 /* BaseCell.swift */,
				D93600EF2B58E43B0094376E /* Bindable.swift */,
				D93600F12B58E8620094376E /* CellData.swift */,
			);
			path = Cell;
			sourceTree = "<group>";
		};
		D95E93F52B07009600ADFFE7 /* Extension */ = {
			isa = PBXGroup;
			children = (
				D94498132B2C518400354E7A /* Sequence.swift */,
				D925C26C2ACDF18200075D5D /* UIColor.swift */,
				D925C27B2ACF0C3200075D5D /* UIImage.swift */,
				D925C2882ACF2B8500075D5D /* String.swift */,
				D95E93F62B0700AA00ADFFE7 /* Array.swift */,
				D95E93F82B08020C00ADFFE7 /* CollectionViewAdapter+Rx.swift */,
				D95E93FA2B081F7000ADFFE7 /* UIViewController+Rx.swift */,
				D92CEAB32B3C38A30085D522 /* Single.swift */,
				D92CEABD2B4582C10085D522 /* Date.swift */,
				D9649F8B2B6B8ABD00E990E2 /* CALayer.swift */,
				D9649F8D2B6B931200E990E2 /* CAShapeLayer.swift */,
			);
			path = Extension;
			sourceTree = "<group>";
		};
		D95E93FC2B0916C200ADFFE7 /* DataSource */ = {
			isa = PBXGroup;
			children = (
				D95E93FF2B091D6B00ADFFE7 /* Repository */,
				D95E94002B091D7C00ADFFE7 /* Mapper */,
			);
			path = DataSource;
			sourceTree = "<group>";
		};
		D95E93FD2B0919A700ADFFE7 /* Weather */ = {
			isa = PBXGroup;
			children = (
				D93D36A32AFEE91300864BA5 /* WeatherRepositoryType.swift */,
				D965EEC52ADD1E0F00426096 /* WeatherRepository.swift */,
				D93D36A52AFEE93C00864BA5 /* MockWeatherRepository.swift */,
			);
			path = Weather;
			sourceTree = "<group>";
		};
		D95E93FE2B091A6000ADFFE7 /* UserSetting */ = {
			isa = PBXGroup;
			children = (
				D95E942D2B0B0A3D00ADFFE7 /* UserSettingRepositoryType.swift */,
				D965EEC42ADD1E0F00426096 /* UserSettingRepository.swift */,
				D95E942F2B0B0A5600ADFFE7 /* MockUserSettingRepository.swift */,
				D92CEAA92B3B54150085D522 /* UserDefaultsKeys.swift */,
				D92CEAAF2B3C30EB0085D522 /* UserUnits.swift */,
				D92CEAAD2B3C30D40085D522 /* UserTimes.swift */,
				D92CEAB12B3C30FC0085D522 /* UserOptions.swift */,
			);
			path = UserSetting;
			sourceTree = "<group>";
		};
		D95E93FF2B091D6B00ADFFE7 /* Repository */ = {
			isa = PBXGroup;
			children = (
				D965EEC62ADD1E0F00426096 /* RepositoryProvider.swift */,
				D95E93FD2B0919A700ADFFE7 /* Weather */,
			);
			path = Repository;
			sourceTree = "<group>";
		};
		D95E94002B091D7C00ADFFE7 /* Mapper */ = {
			isa = PBXGroup;
			children = (
				D95E94012B091D9500ADFFE7 /* WeatherMapper.swift */,
			);
			path = Mapper;
			sourceTree = "<group>";
		};
		D95E94052B09279B00ADFFE7 /* UseCase */ = {
			isa = PBXGroup;
			children = (
				D927040C2B0F3770007CD605 /* AddUserLocation */,
				D92703F62B0EEFBC007CD605 /* FetchTodayWeather */,
				D92704012B0F289F007CD605 /* FetchUserSetting */,
			);
			path = UseCase;
			sourceTree = "<group>";
		};
		D95E94092B09289A00ADFFE7 /* Networking */ = {
			isa = PBXGroup;
			children = (
				D95E940A2B0928A200ADFFE7 /* Service */,
			);
			path = Networking;
			sourceTree = "<group>";
		};
		D95E940A2B0928A200ADFFE7 /* Service */ = {
			isa = PBXGroup;
			children = (
				D93D369C2AFE260D00864BA5 /* LocationService.swift */,
				D95E94332B0B11E800ADFFE7 /* WeatherKitService.swift */,
			);
			path = Service;
			sourceTree = "<group>";
		};
		D9649F872B68F14300E990E2 /* WeatherGraphCell */ = {
			isa = PBXGroup;
			children = (
				D92CEAEA2B460B4A0085D522 /* WeatherGraphCell.swift */,
				D9649F832B68F09F00E990E2 /* TimeLineView.swift */,
				D9649F852B68F0C300E990E2 /* RainFallView.swift */,
				D9649F812B68062500E990E2 /* PathMaker.swift */,
			);
			path = WeatherGraphCell;
			sourceTree = "<group>";
		};
		D9649F882B68F15E00E990E2 /* CharacterCell  */ = {
			isa = PBXGroup;
			children = (
				D965EE902ADD1E0200426096 /* CharacterCell.swift */,
			);
			path = "CharacterCell ";
			sourceTree = "<group>";
		};
		D9649F892B68F16800E990E2 /* BriefingCell */ = {
			isa = PBXGroup;
			children = (
				D965EE962ADD1E0200426096 /* BriefingCell.swift */,
			);
			path = BriefingCell;
			sourceTree = "<group>";
		};
		D9649F8A2B68F17100E990E2 /* ComfortIndexCell */ = {
			isa = PBXGroup;
			children = (
				D965EE932ADD1E0200426096 /* ComfortIndexCell.swift */,
			);
			path = ComfortIndexCell;
			sourceTree = "<group>";
		};
		D965EE852ADD1E0200426096 /* Presentation */ = {
			isa = PBXGroup;
			children = (
				D965EE892ADD1E0200426096 /* Component */,
				D965EE8A2ADD1E0200426096 /* Pages */,
			);
			path = Presentation;
			sourceTree = "<group>";
		};
		D965EE892ADD1E0200426096 /* Component */ = {
			isa = PBXGroup;
			children = (
				D92037AA2AF56E8600F94B6D /* View */,
				D92037A92AF56E7E00F94B6D /* Cell */,
			);
			path = Component;
			sourceTree = "<group>";
		};
		D965EE8A2ADD1E0200426096 /* Pages */ = {
			isa = PBXGroup;
			children = (
				D965EE8B2ADD1E0200426096 /* Home */,
			);
			path = Pages;
			sourceTree = "<group>";
		};
		D965EE8B2ADD1E0200426096 /* Home */ = {
			isa = PBXGroup;
			children = (
				D965EE8C2ADD1E0200426096 /* View */,
				D965EE982ADD1E0200426096 /* ViewController */,
			);
			path = Home;
			sourceTree = "<group>";
		};
		D965EE8C2ADD1E0200426096 /* View */ = {
			isa = PBXGroup;
			children = (
				D92CEAB82B3C55740085D522 /* Data */,
				D92037932AF4D4C400F94B6D /* Cell */,
				D969FD3F2AEF8A9400BCFF11 /* ViewModel */,
			);
			path = View;
			sourceTree = "<group>";
		};
		D965EE982ADD1E0200426096 /* ViewController */ = {
			isa = PBXGroup;
			children = (
				D965EE912ADD1E0200426096 /* HomeView.swift */,
				D965EE992ADD1E0200426096 /* HomeViewController.swift */,
				D92929712AF02BB600D9EA9E /* HomeViewReactor.swift */,
				D93600FB2B6110460094376E /* HomeCollectionViewFlowLayout.swift */,
			);
			path = ViewController;
			sourceTree = "<group>";
		};
		D965EEBB2ADD1E0F00426096 /* Domain */ = {
			isa = PBXGroup;
			children = (
				D965EEBC2ADD1E0F00426096 /* Entity */,
			);
			path = Domain;
			sourceTree = "<group>";
		};
		D965EEBC2ADD1E0F00426096 /* Entity */ = {
			isa = PBXGroup;
			children = (
				D965EEC12ADD1E0F00426096 /* Weather.swift */,
				D95E567E2AF7FF18003E92A9 /* Intensity.swift */,
				D95E94372B0B2CB900ADFFE7 /* WeatherState.swift */,
				D92703EC2B0DDD8A007CD605 /* WeatherUnit.swift */,
				D92703EE2B0DFF60007CD605 /* WeatherUnitCase.swift */,
				D95E94292B0AF02C00ADFFE7 /* Location.swift */,
				D93600FD2B626C440094376E /* GraphType.swift */,
			);
			path = Entity;
			sourceTree = "<group>";
		};
		D969FD3F2AEF8A9400BCFF11 /* ViewModel */ = {
			isa = PBXGroup;
			children = (
				D969FD422AEF8A9400BCFF11 /* CharacterCellViewModel.swift */,
				D969FD432AEF8A9400BCFF11 /* BriefingCellViewModel.swift */,
				D969FD402AEF8A9400BCFF11 /* ComfortIndexCellViewModel.swift */,
				D92CEAE82B460B4A0085D522 /* WeatherGraphCellViewModel.swift */,
			);
			path = ViewModel;
			sourceTree = "<group>";
		};
		D9FA08692AB5A63B005EC223 = {
			isa = PBXGroup;
			children = (
				D9FA08742AB5A63B005EC223 /* WeatherWear */,
				D9FA088B2AB5A63D005EC223 /* WeatherWearTests */,
				D9FA08952AB5A63D005EC223 /* WeatherWearUITests */,
				D9FA08732AB5A63B005EC223 /* Products */,
			);
			sourceTree = "<group>";
		};
		D9FA08732AB5A63B005EC223 /* Products */ = {
			isa = PBXGroup;
			children = (
				D9FA08722AB5A63B005EC223 /* WeatherWear.app */,
				D9FA08882AB5A63D005EC223 /* WeatherWearTests.xctest */,
				D9FA08922AB5A63D005EC223 /* WeatherWearUITests.xctest */,
			);
			name = Products;
			sourceTree = "<group>";
		};
		D9FA08742AB5A63B005EC223 /* WeatherWear */ = {
			isa = PBXGroup;
			children = (
				D93600F82B5A1ED20094376E /* loading.json */,
				D92703E72B0CA3C3007CD605 /* Error */,
				D93D36A12AFE3D8E00864BA5 /* WeatherWear.entitlements */,
				D92CEAC82B460B4A0085D522 /* Deprecated */,
				D95E94092B09289A00ADFFE7 /* Networking */,
				D95E93FC2B0916C200ADFFE7 /* DataSource */,
				D965EEBB2ADD1E0F00426096 /* Domain */,
				D965EE852ADD1E0200426096 /* Presentation */,
				D925C26B2ACDF17400075D5D /* Utility */,
				D9FA08752AB5A63B005EC223 /* AppDelegate.swift */,
				D9FA08772AB5A63B005EC223 /* SceneDelegate.swift */,
				D95E94272B09B90800ADFFE7 /* ViewController.swift */,
				D9FA087E2AB5A63D005EC223 /* Assets.xcassets */,
				D9FA08802AB5A63D005EC223 /* LaunchScreen.storyboard */,
				D9FA08832AB5A63D005EC223 /* Info.plist */,
			);
			path = WeatherWear;
			sourceTree = "<group>";
		};
		D9FA088B2AB5A63D005EC223 /* WeatherWearTests */ = {
			isa = PBXGroup;
			children = (
				D9FA088C2AB5A63D005EC223 /* WeatherWearTests.swift */,
			);
			path = WeatherWearTests;
			sourceTree = "<group>";
		};
		D9FA08952AB5A63D005EC223 /* WeatherWearUITests */ = {
			isa = PBXGroup;
			children = (
				D9FA08962AB5A63D005EC223 /* WeatherWearUITests.swift */,
				D9FA08982AB5A63D005EC223 /* WeatherWearUITestsLaunchTests.swift */,
			);
			path = WeatherWearUITests;
			sourceTree = "<group>";
		};
/* End PBXGroup section */

/* Begin PBXNativeTarget section */
		D9FA08712AB5A63B005EC223 /* WeatherWear */ = {
			isa = PBXNativeTarget;
			buildConfigurationList = D9FA089C2AB5A63D005EC223 /* Build configuration list for PBXNativeTarget "WeatherWear" */;
			buildPhases = (
				D9FA086E2AB5A63B005EC223 /* Sources */,
				D9FA086F2AB5A63B005EC223 /* Frameworks */,
				D9FA08702AB5A63B005EC223 /* Resources */,
			);
			buildRules = (
			);
			dependencies = (
			);
			name = WeatherWear;
			packageProductDependencies = (
				D9FA08A62AB5A6CD005EC223 /* RxCocoa */,
				D9FA08A82AB5A6CD005EC223 /* RxRelay */,
				D9FA08AA2AB5A6CD005EC223 /* RxSwift */,
				D9FA08AD2AB5A6E4005EC223 /* SnapKit */,
				D9FA08B02AB5A6F6005EC223 /* ReactorKit */,
				D9FA08D12ABCF7FC005EC223 /* Then */,
				D95E569D2AFA023D003E92A9 /* RxGesture */,
				D93600F62B5979A90094376E /* Lottie */,
			);
			productName = WeatherWear;
			productReference = D9FA08722AB5A63B005EC223 /* WeatherWear.app */;
			productType = "com.apple.product-type.application";
		};
		D9FA08872AB5A63D005EC223 /* WeatherWearTests */ = {
			isa = PBXNativeTarget;
			buildConfigurationList = D9FA089F2AB5A63D005EC223 /* Build configuration list for PBXNativeTarget "WeatherWearTests" */;
			buildPhases = (
				D9FA08842AB5A63D005EC223 /* Sources */,
				D9FA08852AB5A63D005EC223 /* Frameworks */,
				D9FA08862AB5A63D005EC223 /* Resources */,
			);
			buildRules = (
			);
			dependencies = (
				D9FA088A2AB5A63D005EC223 /* PBXTargetDependency */,
			);
			name = WeatherWearTests;
			productName = WeatherWearTests;
			productReference = D9FA08882AB5A63D005EC223 /* WeatherWearTests.xctest */;
			productType = "com.apple.product-type.bundle.unit-test";
		};
		D9FA08912AB5A63D005EC223 /* WeatherWearUITests */ = {
			isa = PBXNativeTarget;
			buildConfigurationList = D9FA08A22AB5A63D005EC223 /* Build configuration list for PBXNativeTarget "WeatherWearUITests" */;
			buildPhases = (
				D9FA088E2AB5A63D005EC223 /* Sources */,
				D9FA088F2AB5A63D005EC223 /* Frameworks */,
				D9FA08902AB5A63D005EC223 /* Resources */,
			);
			buildRules = (
			);
			dependencies = (
				D9FA08942AB5A63D005EC223 /* PBXTargetDependency */,
			);
			name = WeatherWearUITests;
			productName = WeatherWearUITests;
			productReference = D9FA08922AB5A63D005EC223 /* WeatherWearUITests.xctest */;
			productType = "com.apple.product-type.bundle.ui-testing";
		};
/* End PBXNativeTarget section */

/* Begin PBXProject section */
		D9FA086A2AB5A63B005EC223 /* Project object */ = {
			isa = PBXProject;
			attributes = {
				BuildIndependentTargetsInParallel = 1;
				LastSwiftUpdateCheck = 1420;
				LastUpgradeCheck = 1420;
				TargetAttributes = {
					D9FA08712AB5A63B005EC223 = {
						CreatedOnToolsVersion = 14.2;
					};
					D9FA08872AB5A63D005EC223 = {
						CreatedOnToolsVersion = 14.2;
						TestTargetID = D9FA08712AB5A63B005EC223;
					};
					D9FA08912AB5A63D005EC223 = {
						CreatedOnToolsVersion = 14.2;
						TestTargetID = D9FA08712AB5A63B005EC223;
					};
				};
			};
			buildConfigurationList = D9FA086D2AB5A63B005EC223 /* Build configuration list for PBXProject "WeatherWear" */;
			compatibilityVersion = "Xcode 14.0";
			developmentRegion = en;
			hasScannedForEncodings = 0;
			knownRegions = (
				en,
				Base,
			);
			mainGroup = D9FA08692AB5A63B005EC223;
			packageReferences = (
				D9FA08A52AB5A6CD005EC223 /* XCRemoteSwiftPackageReference "RxSwift" */,
				D9FA08AC2AB5A6E4005EC223 /* XCRemoteSwiftPackageReference "SnapKit" */,
				D9FA08AF2AB5A6F6005EC223 /* XCRemoteSwiftPackageReference "ReactorKit" */,
				D9FA08D02ABCF7FC005EC223 /* XCRemoteSwiftPackageReference "Then" */,
				D95E569C2AFA023D003E92A9 /* XCRemoteSwiftPackageReference "RxGesture" */,
				D93600F52B5979A90094376E /* XCRemoteSwiftPackageReference "lottie-ios" */,
			);
			productRefGroup = D9FA08732AB5A63B005EC223 /* Products */;
			projectDirPath = "";
			projectRoot = "";
			targets = (
				D9FA08712AB5A63B005EC223 /* WeatherWear */,
				D9FA08872AB5A63D005EC223 /* WeatherWearTests */,
				D9FA08912AB5A63D005EC223 /* WeatherWearUITests */,
			);
		};
/* End PBXProject section */

/* Begin PBXResourcesBuildPhase section */
		D9FA08702AB5A63B005EC223 /* Resources */ = {
			isa = PBXResourcesBuildPhase;
			buildActionMask = 2147483647;
			files = (
				D9FA08822AB5A63D005EC223 /* LaunchScreen.storyboard in Resources */,
				D9FA087F2AB5A63D005EC223 /* Assets.xcassets in Resources */,
				D93600F92B5A1ED20094376E /* loading.json in Resources */,
			);
			runOnlyForDeploymentPostprocessing = 0;
		};
		D9FA08862AB5A63D005EC223 /* Resources */ = {
			isa = PBXResourcesBuildPhase;
			buildActionMask = 2147483647;
			files = (
			);
			runOnlyForDeploymentPostprocessing = 0;
		};
		D9FA08902AB5A63D005EC223 /* Resources */ = {
			isa = PBXResourcesBuildPhase;
			buildActionMask = 2147483647;
			files = (
			);
			runOnlyForDeploymentPostprocessing = 0;
		};
/* End PBXResourcesBuildPhase section */

/* Begin PBXSourcesBuildPhase section */
		D9FA086E2AB5A63B005EC223 /* Sources */ = {
			isa = PBXSourcesBuildPhase;
			buildActionMask = 2147483647;
			files = (
				D965EEAF2ADD1E0200426096 /* BriefingCell.swift in Sources */,
				D9649F842B68F09F00E990E2 /* TimeLineView.swift in Sources */,
				D9345A642AE62F1F004B42C8 /* CircleView.swift in Sources */,
				D93600FE2B626C440094376E /* GraphType.swift in Sources */,
				D929296E2AF01BE900D9EA9E /* TextCell.swift in Sources */,
				D95E93FB2B081F7000ADFFE7 /* UIViewController+Rx.swift in Sources */,
				D95E942A2B0AF02C00ADFFE7 /* Location.swift in Sources */,
				D925C27C2ACF0C3200075D5D /* UIImage.swift in Sources */,
				D965EED22ADD1E0F00426096 /* RepositoryProvider.swift in Sources */,
				D92CEB332B474DDF0085D522 /* WeatherGraphCellData.swift in Sources */,
				D93600F02B58E43B0094376E /* Bindable.swift in Sources */,
				D965EEAA2ADD1E0200426096 /* HomeView.swift in Sources */,
				D95E56992AF8D780003E92A9 /* ContainsSegment.swift in Sources */,
				D95E94342B0B11E800ADFFE7 /* WeatherKitService.swift in Sources */,
				D92CEAB42B3C38A30085D522 /* Single.swift in Sources */,
				D965EEAC2ADD1E0200426096 /* ComfortIndexCell.swift in Sources */,
				D965EEB12ADD1E0200426096 /* HomeViewController.swift in Sources */,
				D93600E82B50E3EB0094376E /* ViewModelBuilder.swift in Sources */,
				D925C26D2ACDF18200075D5D /* UIColor.swift in Sources */,
				D969FD502AEF8AB600BCFF11 /* ViewModel.swift in Sources */,
				D95E56972AF8D754003E92A9 /* ContainsButton.swift in Sources */,
				D969FD462AEF8A9400BCFF11 /* CharacterCellViewModel.swift in Sources */,
				D920377F2AF3677800F94B6D /* AppColor.swift in Sources */,
				D94498142B2C518400354E7A /* Sequence.swift in Sources */,
				D92929652AF0030F00D9EA9E /* DataSource.swift in Sources */,
				D95E568F2AF81C1E003E92A9 /* SectionBuilder.swift in Sources */,
				D925C2892ACF2B8500075D5D /* String.swift in Sources */,
				D9649F862B68F0C300E990E2 /* RainFallView.swift in Sources */,
				D9FA08762AB5A63B005EC223 /* AppDelegate.swift in Sources */,
				D95E94022B091D9500ADFFE7 /* WeatherMapper.swift in Sources */,
				D93600F22B58E8620094376E /* CellData.swift in Sources */,
				D92CEABA2B3C55A90085D522 /* CharacterCellData.swift in Sources */,
				D969FD442AEF8A9400BCFF11 /* ComfortIndexCellViewModel.swift in Sources */,
				D92929702AF01CEE00D9EA9E /* TextCellViewModel.swift in Sources */,
				D920379C2AF4F9FF00F94B6D /* AppFont.swift in Sources */,
				D92703E92B0CA3EA007CD605 /* LocalError.swift in Sources */,
				D965EEA92ADD1E0200426096 /* CharacterCell.swift in Sources */,
				D92CEAC02B45A55D0085D522 /* BriefingCellData.swift in Sources */,
				D93D369D2AFE260D00864BA5 /* LocationService.swift in Sources */,
				D92CEB322B474DAC0085D522 /* WeatherGraphCellViewModel.swift in Sources */,
				D95E94382B0B2CB900ADFFE7 /* WeatherState.swift in Sources */,
				D965EECE2ADD1E0F00426096 /* Weather.swift in Sources */,
				D92CEAC22B4600200085D522 /* ComfortIndexCellData.swift in Sources */,
				D965EED12ADD1E0F00426096 /* WeatherRepository.swift in Sources */,
				D92703ED2B0DDD8A007CD605 /* WeatherUnit.swift in Sources */,
				D93600EC2B55EDC70094376E /* Delegate.swift in Sources */,
				D95E567F2AF7FF18003E92A9 /* Intensity.swift in Sources */,
				D92CEABE2B4582C10085D522 /* Date.swift in Sources */,
				D9649F8C2B6B8ABD00E990E2 /* CALayer.swift in Sources */,
				D93600F42B5979500094376E /* AnimatedRefreshControl.swift in Sources */,
				D92037832AF39C9B00F94B6D /* ImageCell.swift in Sources */,
				D969FD472AEF8A9400BCFF11 /* BriefingCellViewModel.swift in Sources */,
				D9FA08782AB5A63B005EC223 /* SceneDelegate.swift in Sources */,
				D95E93F72B0700AA00ADFFE7 /* Array.swift in Sources */,
				D95E93F92B08020C00ADFFE7 /* CollectionViewAdapter+Rx.swift in Sources */,
				D93600E62B50AFEA0094376E /* Section.swift in Sources */,
				D92037852AF39E1500F94B6D /* ImageCellViewModel.swift in Sources */,
				D969FD6B2AEF960E00BCFF11 /* Adapter.swift in Sources */,
				D95E56952AF8D727003E92A9 /* Touchable.swift in Sources */,
				D95E569B2AF9A59D003E92A9 /* BaseCell.swift in Sources */,
				D95E94282B09B90800ADFFE7 /* ViewController.swift in Sources */,
				D92CEB312B474D9A0085D522 /* WeatherGraphCell.swift in Sources */,
				D9649F822B68062500E990E2 /* PathMaker.swift in Sources */,
				D9649F8E2B6B931200E990E2 /* CAShapeLayer.swift in Sources */,
				D93D36A42AFEE91300864BA5 /* WeatherRepositoryType.swift in Sources */,
				D93600FC2B6110460094376E /* HomeCollectionViewFlowLayout.swift in Sources */,
				D92929682AF00EED00D9EA9E /* SpacingCell.swift in Sources */,
				D9FA08BD2AB5B96A005EC223 /* BaseViewController.swift in Sources */,
				D92929722AF02BB600D9EA9E /* HomeViewReactor.swift in Sources */,
				D93D36A62AFEE93C00864BA5 /* MockWeatherRepository.swift in Sources */,
				D92703EF2B0DFF60007CD605 /* WeatherUnitCase.swift in Sources */,
				D929296A2AF0192300D9EA9E /* SpacingCellViewModel.swift in Sources */,
			);
			runOnlyForDeploymentPostprocessing = 0;
		};
		D9FA08842AB5A63D005EC223 /* Sources */ = {
			isa = PBXSourcesBuildPhase;
			buildActionMask = 2147483647;
			files = (
				D9FA088D2AB5A63D005EC223 /* WeatherWearTests.swift in Sources */,
			);
			runOnlyForDeploymentPostprocessing = 0;
		};
		D9FA088E2AB5A63D005EC223 /* Sources */ = {
			isa = PBXSourcesBuildPhase;
			buildActionMask = 2147483647;
			files = (
				D9FA08992AB5A63D005EC223 /* WeatherWearUITestsLaunchTests.swift in Sources */,
				D9FA08972AB5A63D005EC223 /* WeatherWearUITests.swift in Sources */,
			);
			runOnlyForDeploymentPostprocessing = 0;
		};
/* End PBXSourcesBuildPhase section */

/* Begin PBXTargetDependency section */
		D9FA088A2AB5A63D005EC223 /* PBXTargetDependency */ = {
			isa = PBXTargetDependency;
			target = D9FA08712AB5A63B005EC223 /* WeatherWear */;
			targetProxy = D9FA08892AB5A63D005EC223 /* PBXContainerItemProxy */;
		};
		D9FA08942AB5A63D005EC223 /* PBXTargetDependency */ = {
			isa = PBXTargetDependency;
			target = D9FA08712AB5A63B005EC223 /* WeatherWear */;
			targetProxy = D9FA08932AB5A63D005EC223 /* PBXContainerItemProxy */;
		};
/* End PBXTargetDependency section */

/* Begin PBXVariantGroup section */
		D9FA08802AB5A63D005EC223 /* LaunchScreen.storyboard */ = {
			isa = PBXVariantGroup;
			children = (
				D9FA08812AB5A63D005EC223 /* Base */,
			);
			name = LaunchScreen.storyboard;
			sourceTree = "<group>";
		};
/* End PBXVariantGroup section */

/* Begin XCBuildConfiguration section */
		D9FA089A2AB5A63D005EC223 /* Debug */ = {
			isa = XCBuildConfiguration;
			buildSettings = {
				ALWAYS_SEARCH_USER_PATHS = NO;
				CLANG_ANALYZER_NONNULL = YES;
				CLANG_ANALYZER_NUMBER_OBJECT_CONVERSION = YES_AGGRESSIVE;
				CLANG_CXX_LANGUAGE_STANDARD = "gnu++20";
				CLANG_ENABLE_MODULES = YES;
				CLANG_ENABLE_OBJC_ARC = YES;
				CLANG_ENABLE_OBJC_WEAK = YES;
				CLANG_WARN_BLOCK_CAPTURE_AUTORELEASING = YES;
				CLANG_WARN_BOOL_CONVERSION = YES;
				CLANG_WARN_COMMA = YES;
				CLANG_WARN_CONSTANT_CONVERSION = YES;
				CLANG_WARN_DEPRECATED_OBJC_IMPLEMENTATIONS = YES;
				CLANG_WARN_DIRECT_OBJC_ISA_USAGE = YES_ERROR;
				CLANG_WARN_DOCUMENTATION_COMMENTS = YES;
				CLANG_WARN_EMPTY_BODY = YES;
				CLANG_WARN_ENUM_CONVERSION = YES;
				CLANG_WARN_INFINITE_RECURSION = YES;
				CLANG_WARN_INT_CONVERSION = YES;
				CLANG_WARN_NON_LITERAL_NULL_CONVERSION = YES;
				CLANG_WARN_OBJC_IMPLICIT_RETAIN_SELF = YES;
				CLANG_WARN_OBJC_LITERAL_CONVERSION = YES;
				CLANG_WARN_OBJC_ROOT_CLASS = YES_ERROR;
				CLANG_WARN_QUOTED_INCLUDE_IN_FRAMEWORK_HEADER = YES;
				CLANG_WARN_RANGE_LOOP_ANALYSIS = YES;
				CLANG_WARN_STRICT_PROTOTYPES = YES;
				CLANG_WARN_SUSPICIOUS_MOVE = YES;
				CLANG_WARN_UNGUARDED_AVAILABILITY = YES_AGGRESSIVE;
				CLANG_WARN_UNREACHABLE_CODE = YES;
				CLANG_WARN__DUPLICATE_METHOD_MATCH = YES;
				COPY_PHASE_STRIP = NO;
				DEBUG_INFORMATION_FORMAT = dwarf;
				ENABLE_STRICT_OBJC_MSGSEND = YES;
				ENABLE_TESTABILITY = YES;
				GCC_C_LANGUAGE_STANDARD = gnu11;
				GCC_DYNAMIC_NO_PIC = NO;
				GCC_NO_COMMON_BLOCKS = YES;
				GCC_OPTIMIZATION_LEVEL = 0;
				GCC_PREPROCESSOR_DEFINITIONS = (
					"DEBUG=1",
					"$(inherited)",
				);
				GCC_WARN_64_TO_32_BIT_CONVERSION = YES;
				GCC_WARN_ABOUT_RETURN_TYPE = YES_ERROR;
				GCC_WARN_UNDECLARED_SELECTOR = YES;
				GCC_WARN_UNINITIALIZED_AUTOS = YES_AGGRESSIVE;
				GCC_WARN_UNUSED_FUNCTION = YES;
				GCC_WARN_UNUSED_VARIABLE = YES;
				IPHONEOS_DEPLOYMENT_TARGET = 16.2;
				MTL_ENABLE_DEBUG_INFO = INCLUDE_SOURCE;
				MTL_FAST_MATH = YES;
				ONLY_ACTIVE_ARCH = YES;
				SDKROOT = iphoneos;
				SWIFT_ACTIVE_COMPILATION_CONDITIONS = DEBUG;
				SWIFT_OPTIMIZATION_LEVEL = "-Onone";
			};
			name = Debug;
		};
		D9FA089B2AB5A63D005EC223 /* Release */ = {
			isa = XCBuildConfiguration;
			buildSettings = {
				ALWAYS_SEARCH_USER_PATHS = NO;
				CLANG_ANALYZER_NONNULL = YES;
				CLANG_ANALYZER_NUMBER_OBJECT_CONVERSION = YES_AGGRESSIVE;
				CLANG_CXX_LANGUAGE_STANDARD = "gnu++20";
				CLANG_ENABLE_MODULES = YES;
				CLANG_ENABLE_OBJC_ARC = YES;
				CLANG_ENABLE_OBJC_WEAK = YES;
				CLANG_WARN_BLOCK_CAPTURE_AUTORELEASING = YES;
				CLANG_WARN_BOOL_CONVERSION = YES;
				CLANG_WARN_COMMA = YES;
				CLANG_WARN_CONSTANT_CONVERSION = YES;
				CLANG_WARN_DEPRECATED_OBJC_IMPLEMENTATIONS = YES;
				CLANG_WARN_DIRECT_OBJC_ISA_USAGE = YES_ERROR;
				CLANG_WARN_DOCUMENTATION_COMMENTS = YES;
				CLANG_WARN_EMPTY_BODY = YES;
				CLANG_WARN_ENUM_CONVERSION = YES;
				CLANG_WARN_INFINITE_RECURSION = YES;
				CLANG_WARN_INT_CONVERSION = YES;
				CLANG_WARN_NON_LITERAL_NULL_CONVERSION = YES;
				CLANG_WARN_OBJC_IMPLICIT_RETAIN_SELF = YES;
				CLANG_WARN_OBJC_LITERAL_CONVERSION = YES;
				CLANG_WARN_OBJC_ROOT_CLASS = YES_ERROR;
				CLANG_WARN_QUOTED_INCLUDE_IN_FRAMEWORK_HEADER = YES;
				CLANG_WARN_RANGE_LOOP_ANALYSIS = YES;
				CLANG_WARN_STRICT_PROTOTYPES = YES;
				CLANG_WARN_SUSPICIOUS_MOVE = YES;
				CLANG_WARN_UNGUARDED_AVAILABILITY = YES_AGGRESSIVE;
				CLANG_WARN_UNREACHABLE_CODE = YES;
				CLANG_WARN__DUPLICATE_METHOD_MATCH = YES;
				COPY_PHASE_STRIP = NO;
				DEBUG_INFORMATION_FORMAT = "dwarf-with-dsym";
				ENABLE_NS_ASSERTIONS = NO;
				ENABLE_STRICT_OBJC_MSGSEND = YES;
				GCC_C_LANGUAGE_STANDARD = gnu11;
				GCC_NO_COMMON_BLOCKS = YES;
				GCC_WARN_64_TO_32_BIT_CONVERSION = YES;
				GCC_WARN_ABOUT_RETURN_TYPE = YES_ERROR;
				GCC_WARN_UNDECLARED_SELECTOR = YES;
				GCC_WARN_UNINITIALIZED_AUTOS = YES_AGGRESSIVE;
				GCC_WARN_UNUSED_FUNCTION = YES;
				GCC_WARN_UNUSED_VARIABLE = YES;
				IPHONEOS_DEPLOYMENT_TARGET = 16.2;
				MTL_ENABLE_DEBUG_INFO = NO;
				MTL_FAST_MATH = YES;
				SDKROOT = iphoneos;
				SWIFT_COMPILATION_MODE = wholemodule;
				SWIFT_OPTIMIZATION_LEVEL = "-O";
				VALIDATE_PRODUCT = YES;
			};
			name = Release;
		};
		D9FA089D2AB5A63D005EC223 /* Debug */ = {
			isa = XCBuildConfiguration;
			buildSettings = {
				ASSETCATALOG_COMPILER_APPICON_NAME = AppIcon;
				ASSETCATALOG_COMPILER_GLOBAL_ACCENT_COLOR_NAME = AccentColor;
				CODE_SIGN_ENTITLEMENTS = WeatherWear/WeatherWear.entitlements;
				CODE_SIGN_IDENTITY = "Apple Development";
				CODE_SIGN_STYLE = Automatic;
				CURRENT_PROJECT_VERSION = 1;
				DEVELOPMENT_TEAM = 7P2Y2D4JBJ;
				GENERATE_INFOPLIST_FILE = YES;
				INFOPLIST_FILE = WeatherWear/Info.plist;
				INFOPLIST_KEY_UIApplicationSupportsIndirectInputEvents = YES;
				INFOPLIST_KEY_UILaunchStoryboardName = LaunchScreen;
				INFOPLIST_KEY_UISupportedInterfaceOrientations_iPad = "UIInterfaceOrientationPortrait UIInterfaceOrientationPortraitUpsideDown UIInterfaceOrientationLandscapeLeft UIInterfaceOrientationLandscapeRight";
				INFOPLIST_KEY_UISupportedInterfaceOrientations_iPhone = "UIInterfaceOrientationPortrait UIInterfaceOrientationLandscapeLeft UIInterfaceOrientationLandscapeRight";
				LD_RUNPATH_SEARCH_PATHS = (
					"$(inherited)",
					"@executable_path/Frameworks",
				);
				MARKETING_VERSION = 1.0;
				PRODUCT_BUNDLE_IDENTIFIER = com.baluable.WeatherWear;
				PRODUCT_NAME = "$(TARGET_NAME)";
				PROVISIONING_PROFILE_SPECIFIER = "";
				SWIFT_EMIT_LOC_STRINGS = YES;
				SWIFT_VERSION = 5.0;
				TARGETED_DEVICE_FAMILY = "1,2";
			};
			name = Debug;
		};
		D9FA089E2AB5A63D005EC223 /* Release */ = {
			isa = XCBuildConfiguration;
			buildSettings = {
				ASSETCATALOG_COMPILER_APPICON_NAME = AppIcon;
				ASSETCATALOG_COMPILER_GLOBAL_ACCENT_COLOR_NAME = AccentColor;
				CODE_SIGN_ENTITLEMENTS = WeatherWear/WeatherWear.entitlements;
				CODE_SIGN_IDENTITY = "Apple Development";
				CODE_SIGN_STYLE = Automatic;
				CURRENT_PROJECT_VERSION = 1;
				DEVELOPMENT_TEAM = 7P2Y2D4JBJ;
				GENERATE_INFOPLIST_FILE = YES;
				INFOPLIST_FILE = WeatherWear/Info.plist;
				INFOPLIST_KEY_UIApplicationSupportsIndirectInputEvents = YES;
				INFOPLIST_KEY_UILaunchStoryboardName = LaunchScreen;
				INFOPLIST_KEY_UISupportedInterfaceOrientations_iPad = "UIInterfaceOrientationPortrait UIInterfaceOrientationPortraitUpsideDown UIInterfaceOrientationLandscapeLeft UIInterfaceOrientationLandscapeRight";
				INFOPLIST_KEY_UISupportedInterfaceOrientations_iPhone = "UIInterfaceOrientationPortrait UIInterfaceOrientationLandscapeLeft UIInterfaceOrientationLandscapeRight";
				LD_RUNPATH_SEARCH_PATHS = (
					"$(inherited)",
					"@executable_path/Frameworks",
				);
				MARKETING_VERSION = 1.0;
				PRODUCT_BUNDLE_IDENTIFIER = com.baluable.WeatherWear;
				PRODUCT_NAME = "$(TARGET_NAME)";
				PROVISIONING_PROFILE_SPECIFIER = "";
				SWIFT_EMIT_LOC_STRINGS = YES;
				SWIFT_VERSION = 5.0;
				TARGETED_DEVICE_FAMILY = "1,2";
			};
			name = Release;
		};
		D9FA08A02AB5A63D005EC223 /* Debug */ = {
			isa = XCBuildConfiguration;
			buildSettings = {
				ALWAYS_EMBED_SWIFT_STANDARD_LIBRARIES = YES;
				BUNDLE_LOADER = "$(TEST_HOST)";
				CODE_SIGN_STYLE = Automatic;
				CURRENT_PROJECT_VERSION = 1;
				DEVELOPMENT_TEAM = ZT2M7655AF;
				GENERATE_INFOPLIST_FILE = YES;
				IPHONEOS_DEPLOYMENT_TARGET = 16.2;
				MARKETING_VERSION = 1.0;
				PRODUCT_BUNDLE_IDENTIFIER = kr.weatherwear.WeatherWearTests;
				PRODUCT_NAME = "$(TARGET_NAME)";
				SWIFT_EMIT_LOC_STRINGS = NO;
				SWIFT_VERSION = 5.0;
				TARGETED_DEVICE_FAMILY = "1,2";
				TEST_HOST = "$(BUILT_PRODUCTS_DIR)/WeatherWear.app/$(BUNDLE_EXECUTABLE_FOLDER_PATH)/WeatherWear";
			};
			name = Debug;
		};
		D9FA08A12AB5A63D005EC223 /* Release */ = {
			isa = XCBuildConfiguration;
			buildSettings = {
				ALWAYS_EMBED_SWIFT_STANDARD_LIBRARIES = YES;
				BUNDLE_LOADER = "$(TEST_HOST)";
				CODE_SIGN_STYLE = Automatic;
				CURRENT_PROJECT_VERSION = 1;
				DEVELOPMENT_TEAM = ZT2M7655AF;
				GENERATE_INFOPLIST_FILE = YES;
				IPHONEOS_DEPLOYMENT_TARGET = 16.2;
				MARKETING_VERSION = 1.0;
				PRODUCT_BUNDLE_IDENTIFIER = kr.weatherwear.WeatherWearTests;
				PRODUCT_NAME = "$(TARGET_NAME)";
				SWIFT_EMIT_LOC_STRINGS = NO;
				SWIFT_VERSION = 5.0;
				TARGETED_DEVICE_FAMILY = "1,2";
				TEST_HOST = "$(BUILT_PRODUCTS_DIR)/WeatherWear.app/$(BUNDLE_EXECUTABLE_FOLDER_PATH)/WeatherWear";
			};
			name = Release;
		};
		D9FA08A32AB5A63D005EC223 /* Debug */ = {
			isa = XCBuildConfiguration;
			buildSettings = {
				ALWAYS_EMBED_SWIFT_STANDARD_LIBRARIES = YES;
				CODE_SIGN_STYLE = Automatic;
				CURRENT_PROJECT_VERSION = 1;
				DEVELOPMENT_TEAM = ZT2M7655AF;
				GENERATE_INFOPLIST_FILE = YES;
				MARKETING_VERSION = 1.0;
				PRODUCT_BUNDLE_IDENTIFIER = kr.weatherwear.WeatherWearUITests;
				PRODUCT_NAME = "$(TARGET_NAME)";
				SWIFT_EMIT_LOC_STRINGS = NO;
				SWIFT_VERSION = 5.0;
				TARGETED_DEVICE_FAMILY = "1,2";
				TEST_TARGET_NAME = WeatherWear;
			};
			name = Debug;
		};
		D9FA08A42AB5A63D005EC223 /* Release */ = {
			isa = XCBuildConfiguration;
			buildSettings = {
				ALWAYS_EMBED_SWIFT_STANDARD_LIBRARIES = YES;
				CODE_SIGN_STYLE = Automatic;
				CURRENT_PROJECT_VERSION = 1;
				DEVELOPMENT_TEAM = ZT2M7655AF;
				GENERATE_INFOPLIST_FILE = YES;
				MARKETING_VERSION = 1.0;
				PRODUCT_BUNDLE_IDENTIFIER = kr.weatherwear.WeatherWearUITests;
				PRODUCT_NAME = "$(TARGET_NAME)";
				SWIFT_EMIT_LOC_STRINGS = NO;
				SWIFT_VERSION = 5.0;
				TARGETED_DEVICE_FAMILY = "1,2";
				TEST_TARGET_NAME = WeatherWear;
			};
			name = Release;
		};
/* End XCBuildConfiguration section */

/* Begin XCConfigurationList section */
		D9FA086D2AB5A63B005EC223 /* Build configuration list for PBXProject "WeatherWear" */ = {
			isa = XCConfigurationList;
			buildConfigurations = (
				D9FA089A2AB5A63D005EC223 /* Debug */,
				D9FA089B2AB5A63D005EC223 /* Release */,
			);
			defaultConfigurationIsVisible = 0;
			defaultConfigurationName = Release;
		};
		D9FA089C2AB5A63D005EC223 /* Build configuration list for PBXNativeTarget "WeatherWear" */ = {
			isa = XCConfigurationList;
			buildConfigurations = (
				D9FA089D2AB5A63D005EC223 /* Debug */,
				D9FA089E2AB5A63D005EC223 /* Release */,
			);
			defaultConfigurationIsVisible = 0;
			defaultConfigurationName = Release;
		};
		D9FA089F2AB5A63D005EC223 /* Build configuration list for PBXNativeTarget "WeatherWearTests" */ = {
			isa = XCConfigurationList;
			buildConfigurations = (
				D9FA08A02AB5A63D005EC223 /* Debug */,
				D9FA08A12AB5A63D005EC223 /* Release */,
			);
			defaultConfigurationIsVisible = 0;
			defaultConfigurationName = Release;
		};
		D9FA08A22AB5A63D005EC223 /* Build configuration list for PBXNativeTarget "WeatherWearUITests" */ = {
			isa = XCConfigurationList;
			buildConfigurations = (
				D9FA08A32AB5A63D005EC223 /* Debug */,
				D9FA08A42AB5A63D005EC223 /* Release */,
			);
			defaultConfigurationIsVisible = 0;
			defaultConfigurationName = Release;
		};
/* End XCConfigurationList section */

/* Begin XCRemoteSwiftPackageReference section */
		D93600F52B5979A90094376E /* XCRemoteSwiftPackageReference "lottie-ios" */ = {
			isa = XCRemoteSwiftPackageReference;
			repositoryURL = "https://github.com/airbnb/lottie-ios";
			requirement = {
				branch = master;
				kind = branch;
			};
		};
		D95E569C2AFA023D003E92A9 /* XCRemoteSwiftPackageReference "RxGesture" */ = {
			isa = XCRemoteSwiftPackageReference;
			repositoryURL = "https://github.com/RxSwiftCommunity/RxGesture.git";
			requirement = {
				kind = upToNextMajorVersion;
				minimumVersion = 4.0.0;
			};
		};
		D9FA08A52AB5A6CD005EC223 /* XCRemoteSwiftPackageReference "RxSwift" */ = {
			isa = XCRemoteSwiftPackageReference;
			repositoryURL = "https://github.com/ReactiveX/RxSwift";
			requirement = {
				branch = main;
				kind = branch;
			};
		};
		D9FA08AC2AB5A6E4005EC223 /* XCRemoteSwiftPackageReference "SnapKit" */ = {
			isa = XCRemoteSwiftPackageReference;
			repositoryURL = "https://github.com/SnapKit/SnapKit";
			requirement = {
				branch = develop;
				kind = branch;
			};
		};
		D9FA08AF2AB5A6F6005EC223 /* XCRemoteSwiftPackageReference "ReactorKit" */ = {
			isa = XCRemoteSwiftPackageReference;
			repositoryURL = "https://github.com/ReactorKit/ReactorKit";
			requirement = {
				kind = upToNextMajorVersion;
				minimumVersion = 3.0.0;
			};
		};
		D9FA08D02ABCF7FC005EC223 /* XCRemoteSwiftPackageReference "Then" */ = {
			isa = XCRemoteSwiftPackageReference;
			repositoryURL = "https://github.com/devxoul/Then";
			requirement = {
				branch = master;
				kind = branch;
			};
		};
/* End XCRemoteSwiftPackageReference section */

/* Begin XCSwiftPackageProductDependency section */
		D93600F62B5979A90094376E /* Lottie */ = {
			isa = XCSwiftPackageProductDependency;
			package = D93600F52B5979A90094376E /* XCRemoteSwiftPackageReference "lottie-ios" */;
			productName = Lottie;
		};
		D95E569D2AFA023D003E92A9 /* RxGesture */ = {
			isa = XCSwiftPackageProductDependency;
			package = D95E569C2AFA023D003E92A9 /* XCRemoteSwiftPackageReference "RxGesture" */;
			productName = RxGesture;
		};
		D9FA08A62AB5A6CD005EC223 /* RxCocoa */ = {
			isa = XCSwiftPackageProductDependency;
			package = D9FA08A52AB5A6CD005EC223 /* XCRemoteSwiftPackageReference "RxSwift" */;
			productName = RxCocoa;
		};
		D9FA08A82AB5A6CD005EC223 /* RxRelay */ = {
			isa = XCSwiftPackageProductDependency;
			package = D9FA08A52AB5A6CD005EC223 /* XCRemoteSwiftPackageReference "RxSwift" */;
			productName = RxRelay;
		};
		D9FA08AA2AB5A6CD005EC223 /* RxSwift */ = {
			isa = XCSwiftPackageProductDependency;
			package = D9FA08A52AB5A6CD005EC223 /* XCRemoteSwiftPackageReference "RxSwift" */;
			productName = RxSwift;
		};
		D9FA08AD2AB5A6E4005EC223 /* SnapKit */ = {
			isa = XCSwiftPackageProductDependency;
			package = D9FA08AC2AB5A6E4005EC223 /* XCRemoteSwiftPackageReference "SnapKit" */;
			productName = SnapKit;
		};
		D9FA08B02AB5A6F6005EC223 /* ReactorKit */ = {
			isa = XCSwiftPackageProductDependency;
			package = D9FA08AF2AB5A6F6005EC223 /* XCRemoteSwiftPackageReference "ReactorKit" */;
			productName = ReactorKit;
		};
		D9FA08D12ABCF7FC005EC223 /* Then */ = {
			isa = XCSwiftPackageProductDependency;
			package = D9FA08D02ABCF7FC005EC223 /* XCRemoteSwiftPackageReference "Then" */;
			productName = Then;
		};
/* End XCSwiftPackageProductDependency section */
	};
	rootObject = D9FA086A2AB5A63B005EC223 /* Project object */;
}
